// !$*UTF8*$!
{
	archiveVersion = 1;
	classes = {
	};
	objectVersion = 56;
	objects = {

/* Begin PBXBuildFile section */
		BC12B07B2C65C155000445CB /* MainPage.swift in Sources */ = {isa = PBXBuildFile; fileRef = BC12B07A2C65C155000445CB /* MainPage.swift */; };
		BC12B07D2C65E8E8000445CB /* ImageGridView.swift in Sources */ = {isa = PBXBuildFile; fileRef = BC12B07C2C65E8E8000445CB /* ImageGridView.swift */; };
		BC12B07F2C65EC76000445CB /* ImageGridView2.swift in Sources */ = {isa = PBXBuildFile; fileRef = BC12B07E2C65EC76000445CB /* ImageGridView2.swift */; };
		BC12B08F2C69E4F1000445CB /* Scientist in Frameworks */ = {isa = PBXBuildFile; productRef = BC12B08E2C69E4F1000445CB /* Scientist */; };
		BC12B0922C69E73E000445CB /* Kiri in Frameworks */ = {isa = PBXBuildFile; productRef = BC12B0912C69E73E000445CB /* Kiri */; };
		BC12B0982C69E8B0000445CB /* AlgoChecker in Frameworks */ = {isa = PBXBuildFile; productRef = BC12B0972C69E8B0000445CB /* AlgoChecker */; };
		BC12B09B2C69E9BC000445CB /* SideMenu in Frameworks */ = {isa = PBXBuildFile; productRef = BC12B09A2C69E9BC000445CB /* SideMenu */; };
		BC12B09E2C69EA57000445CB /* FloatingPanel in Frameworks */ = {isa = PBXBuildFile; productRef = BC12B09D2C69EA57000445CB /* FloatingPanel */; };
		BC12B0AA2C69ED32000445CB /* CalendarKit in Frameworks */ = {isa = PBXBuildFile; productRef = BC12B0A92C69ED32000445CB /* CalendarKit */; };
		BC12B0AD2C69EE0D000445CB /* SwiftCSV in Frameworks */ = {isa = PBXBuildFile; productRef = BC12B0AC2C69EE0D000445CB /* SwiftCSV */; };
		BC12B0B02C69EEB0000445CB /* InputMask in Frameworks */ = {isa = PBXBuildFile; productRef = BC12B0AF2C69EEB0000445CB /* InputMask */; };
		BC12B0B32C69F3D7000445CB /* Hero in Frameworks */ = {isa = PBXBuildFile; productRef = BC12B0B22C69F3D7000445CB /* Hero */; };
		BC12B0B62C69F4F3000445CB /* SwiftMessages in Frameworks */ = {isa = PBXBuildFile; productRef = BC12B0B52C69F4F3000445CB /* SwiftMessages */; };
		BC12B0BB2C69F94F000445CB /* SwiftSoup in Frameworks */ = {isa = PBXBuildFile; productRef = BC12B0BA2C69F94F000445CB /* SwiftSoup */; };
		BC12B0BE2C69FA27000445CB /* TPPDF in Frameworks */ = {isa = PBXBuildFile; productRef = BC12B0BD2C69FA27000445CB /* TPPDF */; };
		BC12B0C12C69FB0F000445CB /* AAInfographics in Frameworks */ = {isa = PBXBuildFile; productRef = BC12B0C02C69FB0F000445CB /* AAInfographics */; };
		BC12B0C32C732533000445CB /* Base64ImageView.swift in Sources */ = {isa = PBXBuildFile; fileRef = BC12B0C22C732533000445CB /* Base64ImageView.swift */; };
		BC12B0C52C7328E9000445CB /* CreateImagePage.swift in Sources */ = {isa = PBXBuildFile; fileRef = BC12B0C42C7328E9000445CB /* CreateImagePage.swift */; };
		BC12B0C72C7338A4000445CB /* AiImageEntity.swift in Sources */ = {isa = PBXBuildFile; fileRef = BC12B0C62C7338A4000445CB /* AiImageEntity.swift */; };
		BC12B0CB2C744748000445CB /* AIImagePage.swift in Sources */ = {isa = PBXBuildFile; fileRef = BC12B0CA2C744748000445CB /* AIImagePage.swift */; };
		BC12B0CD2C7473F5000445CB /* ImageSaver.swift in Sources */ = {isa = PBXBuildFile; fileRef = BC12B0CC2C7473F5000445CB /* ImageSaver.swift */; };
		BC12B0CF2C7477CC000445CB /* StylesPage.swift in Sources */ = {isa = PBXBuildFile; fileRef = BC12B0CE2C7477CC000445CB /* StylesPage.swift */; };
		BC12B0D12C747D3E000445CB /* ModelsPage.swift in Sources */ = {isa = PBXBuildFile; fileRef = BC12B0D02C747D3E000445CB /* ModelsPage.swift */; };
		BC1A16B12C4A069700C9C565 /* ChatReq.swift in Sources */ = {isa = PBXBuildFile; fileRef = BC1A16B02C4A069700C9C565 /* ChatReq.swift */; };
		BC1A16B32C4A06AE00C9C565 /* ChatResp.swift in Sources */ = {isa = PBXBuildFile; fileRef = BC1A16B22C4A06AE00C9C565 /* ChatResp.swift */; };
		BC5038902C3E5D2E00EE2819 /* AiChatBoxOnline.swift in Sources */ = {isa = PBXBuildFile; fileRef = BC50388F2C3E5D2E00EE2819 /* AiChatBoxOnline.swift */; };
		BC5038942C3E5D3000EE2819 /* Assets.xcassets in Resources */ = {isa = PBXBuildFile; fileRef = BC5038932C3E5D3000EE2819 /* Assets.xcassets */; };
		BC5038972C3E5D3000EE2819 /* Preview Assets.xcassets in Resources */ = {isa = PBXBuildFile; fileRef = BC5038962C3E5D3000EE2819 /* Preview Assets.xcassets */; };
		BC50390B2C3E760100EE2819 /* Dev.swift in Sources */ = {isa = PBXBuildFile; fileRef = BC50390A2C3E760100EE2819 /* Dev.swift */; };
		BC50392E2C3FA71100EE2819 /* Color.swift in Sources */ = {isa = PBXBuildFile; fileRef = BC50392D2C3FA71100EE2819 /* Color.swift */; };
		BC5039312C3FA74100EE2819 /* LaunchPage.swift in Sources */ = {isa = PBXBuildFile; fileRef = BC5039302C3FA74100EE2819 /* LaunchPage.swift */; };
		BC5039342C3FAC5000EE2819 /* Lottie in Frameworks */ = {isa = PBXBuildFile; productRef = BC5039332C3FAC5000EE2819 /* Lottie */; };
		BC50394F2C3FCDC600EE2819 /* CarouselView.swift in Sources */ = {isa = PBXBuildFile; fileRef = BC50394E2C3FCDC600EE2819 /* CarouselView.swift */; };
		BC5039552C40FA6400EE2819 /* ChaterEntity.swift in Sources */ = {isa = PBXBuildFile; fileRef = BC5039542C40FA6400EE2819 /* ChaterEntity.swift */; };
		BC5039592C41045B00EE2819 /* ChatPage.swift in Sources */ = {isa = PBXBuildFile; fileRef = BC5039582C41045B00EE2819 /* ChatPage.swift */; };
		BC50395D2C411F3400EE2819 /* Message.swift in Sources */ = {isa = PBXBuildFile; fileRef = BC50395C2C411F3400EE2819 /* Message.swift */; };
		BC5039602C411F5600EE2819 /* ChatViewModel.swift in Sources */ = {isa = PBXBuildFile; fileRef = BC50395F2C411F5600EE2819 /* ChatViewModel.swift */; };
		BC5039622C411FF700EE2819 /* ChatBubble.swift in Sources */ = {isa = PBXBuildFile; fileRef = BC5039612C411FF700EE2819 /* ChatBubble.swift */; };
		BC5039642C41200C00EE2819 /* ChatView.swift in Sources */ = {isa = PBXBuildFile; fileRef = BC5039632C41200C00EE2819 /* ChatView.swift */; };
		BC5039662C41270300EE2819 /* Toast.swift in Sources */ = {isa = PBXBuildFile; fileRef = BC5039652C41270300EE2819 /* Toast.swift */; };
		BC5039682C4129C300EE2819 /* OverlappingImagesView.swift in Sources */ = {isa = PBXBuildFile; fileRef = BC5039672C4129C300EE2819 /* OverlappingImagesView.swift */; };
		BC50396A2C412D8500EE2819 /* ChaterListPage.swift in Sources */ = {isa = PBXBuildFile; fileRef = BC5039692C412D8500EE2819 /* ChaterListPage.swift */; };
		BC50396C2C412E9D00EE2819 /* ChaterItem.swift in Sources */ = {isa = PBXBuildFile; fileRef = BC50396B2C412E9D00EE2819 /* ChaterItem.swift */; };
		BC50396E2C41335400EE2819 /* NotificationBubbleView.swift in Sources */ = {isa = PBXBuildFile; fileRef = BC50396D2C41335400EE2819 /* NotificationBubbleView.swift */; };
		BC5039742C44FE8D00EE2819 /* LocalData.swift in Sources */ = {isa = PBXBuildFile; fileRef = BC5039732C44FE8D00EE2819 /* LocalData.swift */; };
		BC5039762C4504A300EE2819 /* SettingPage.swift in Sources */ = {isa = PBXBuildFile; fileRef = BC5039752C4504A300EE2819 /* SettingPage.swift */; };
		BC5039782C45051F00EE2819 /* SettingItem.swift in Sources */ = {isa = PBXBuildFile; fileRef = BC5039772C45051F00EE2819 /* SettingItem.swift */; };
		BC50397A2C45060500EE2819 /* SettingItemData.swift in Sources */ = {isa = PBXBuildFile; fileRef = BC5039792C45060500EE2819 /* SettingItemData.swift */; };
		BC50397E2C45264900EE2819 /* FbPage.swift in Sources */ = {isa = PBXBuildFile; fileRef = BC50397D2C45264900EE2819 /* FbPage.swift */; };
		BC5039862C466B2900EE2819 /* CustomNavigationBar.swift in Sources */ = {isa = PBXBuildFile; fileRef = BC5039852C466B2900EE2819 /* CustomNavigationBar.swift */; };
		BC5039882C4771DB00EE2819 /* PrivacyPage.swift in Sources */ = {isa = PBXBuildFile; fileRef = BC5039872C4771DB00EE2819 /* PrivacyPage.swift */; };
		BCB67F8A2C58888300DAA32B /* connect.json in Resources */ = {isa = PBXBuildFile; fileRef = BCB67F882C58888200DAA32B /* connect.json */; };
		BCB67F8B2C58888300DAA32B /* xh.json in Resources */ = {isa = PBXBuildFile; fileRef = BCB67F892C58888200DAA32B /* xh.json */; };
		BCB67F912C58DE9200DAA32B /* DownloadSpeedTest.swift in Sources */ = {isa = PBXBuildFile; fileRef = BCB67F902C58DE9200DAA32B /* DownloadSpeedTest.swift */; };
		BCB67F932C58DF9400DAA32B /* UploadSpeedTest.swift in Sources */ = {isa = PBXBuildFile; fileRef = BCB67F922C58DF9400DAA32B /* UploadSpeedTest.swift */; };
		BCB67F952C59E5DF00DAA32B /* LocationInfoPage.swift in Sources */ = {isa = PBXBuildFile; fileRef = BCB67F942C59E5DF00DAA32B /* LocationInfoPage.swift */; };
		BCB67F992C59E64700DAA32B /* LocationInfoEntity.swift in Sources */ = {isa = PBXBuildFile; fileRef = BCB67F982C59E64700DAA32B /* LocationInfoEntity.swift */; };
		BCB67FA12C5A18BF00DAA32B /* CameraScannerView.swift in Sources */ = {isa = PBXBuildFile; fileRef = BCB67FA02C5A18BF00DAA32B /* CameraScannerView.swift */; };
		BCB67FA32C5A198900DAA32B /* ScanPage.swift in Sources */ = {isa = PBXBuildFile; fileRef = BCB67FA22C5A198900DAA32B /* ScanPage.swift */; };
		BCB67FA52C5A258800DAA32B /* QRCodeDetector.swift in Sources */ = {isa = PBXBuildFile; fileRef = BCB67FA42C5A258800DAA32B /* QRCodeDetector.swift */; };
		BCB67FA72C5A25C500DAA32B /* ImagePicker.swift in Sources */ = {isa = PBXBuildFile; fileRef = BCB67FA62C5A25C500DAA32B /* ImagePicker.swift */; };
		BCB67FA92C5A27F500DAA32B /* LoadingView.swift in Sources */ = {isa = PBXBuildFile; fileRef = BCB67FA82C5A27F500DAA32B /* LoadingView.swift */; };
		BCB67FAB2C5A313900DAA32B /* CameraManager.swift in Sources */ = {isa = PBXBuildFile; fileRef = BCB67FAA2C5A313900DAA32B /* CameraManager.swift */; };
		BCB67FAD2C5B258F00DAA32B /* SpeedTest.swift in Sources */ = {isa = PBXBuildFile; fileRef = BCB67FAC2C5B258F00DAA32B /* SpeedTest.swift */; };
		BCB67FAF2C5B271100DAA32B /* SpeedTestPage.swift in Sources */ = {isa = PBXBuildFile; fileRef = BCB67FAE2C5B271100DAA32B /* SpeedTestPage.swift */; };
		BCB67FB32C5B55F600DAA32B /* speed.json in Resources */ = {isa = PBXBuildFile; fileRef = BCB67FB22C5B55F600DAA32B /* speed.json */; };
		BCB67FB82C5B8D5500DAA32B /* ComplexView.swift in Sources */ = {isa = PBXBuildFile; fileRef = BCB67FB72C5B8D5500DAA32B /* ComplexView.swift */; };
		BCB67FBA2C5B8DB400DAA32B /* UserViewModel.swift in Sources */ = {isa = PBXBuildFile; fileRef = BCB67FB92C5B8DB400DAA32B /* UserViewModel.swift */; };
		BCB67FBC2C5B8E0B00DAA32B /* AdvancedViewModel.swift in Sources */ = {isa = PBXBuildFile; fileRef = BCB67FBB2C5B8E0B00DAA32B /* AdvancedViewModel.swift */; };
		BCEC50AF2C5C730400225EE5 /* MarqueeView.swift in Sources */ = {isa = PBXBuildFile; fileRef = BCEC50AE2C5C730400225EE5 /* MarqueeView.swift */; };
		F77A3AADF7B284BE32F4DF1A /* Pods_SmartVPN.framework in Frameworks */ = {isa = PBXBuildFile; fileRef = 3A0F37D3B2232C20C2FDDD17 /* Pods_SmartVPN.framework */; };
/* End PBXBuildFile section */

/* Begin PBXCopyFilesBuildPhase section */
		BC5038C22C3E5F2000EE2819 /* Embed Foundation Extensions */ = {
			isa = PBXCopyFilesBuildPhase;
			buildActionMask = 2147483647;
			dstPath = "";
			dstSubfolderSpec = 13;
			files = (
			);
			name = "Embed Foundation Extensions";
			runOnlyForDeploymentPostprocessing = 0;
		};
/* End PBXCopyFilesBuildPhase section */

/* Begin PBXFileReference section */
		27C6278D6B9850DBC2F01D03 /* Pods-SmartVPN.release.xcconfig */ = {isa = PBXFileReference; includeInIndex = 1; lastKnownFileType = text.xcconfig; name = "Pods-SmartVPN.release.xcconfig"; path = "Target Support Files/Pods-SmartVPN/Pods-SmartVPN.release.xcconfig"; sourceTree = "<group>"; };
		3A0F37D3B2232C20C2FDDD17 /* Pods_SmartVPN.framework */ = {isa = PBXFileReference; explicitFileType = wrapper.framework; includeInIndex = 0; path = Pods_SmartVPN.framework; sourceTree = BUILT_PRODUCTS_DIR; };
		BC12B07A2C65C155000445CB /* MainPage.swift */ = {isa = PBXFileReference; lastKnownFileType = sourcecode.swift; path = MainPage.swift; sourceTree = "<group>"; };
		BC12B07C2C65E8E8000445CB /* ImageGridView.swift */ = {isa = PBXFileReference; lastKnownFileType = sourcecode.swift; path = ImageGridView.swift; sourceTree = "<group>"; };
		BC12B07E2C65EC76000445CB /* ImageGridView2.swift */ = {isa = PBXFileReference; lastKnownFileType = sourcecode.swift; path = ImageGridView2.swift; sourceTree = "<group>"; };
		BC12B0C22C732533000445CB /* Base64ImageView.swift */ = {isa = PBXFileReference; lastKnownFileType = sourcecode.swift; path = Base64ImageView.swift; sourceTree = "<group>"; };
		BC12B0C42C7328E9000445CB /* CreateImagePage.swift */ = {isa = PBXFileReference; lastKnownFileType = sourcecode.swift; path = CreateImagePage.swift; sourceTree = "<group>"; };
		BC12B0C62C7338A4000445CB /* AiImageEntity.swift */ = {isa = PBXFileReference; lastKnownFileType = sourcecode.swift; path = AiImageEntity.swift; sourceTree = "<group>"; };
		BC12B0CA2C744748000445CB /* AIImagePage.swift */ = {isa = PBXFileReference; lastKnownFileType = sourcecode.swift; path = AIImagePage.swift; sourceTree = "<group>"; };
		BC12B0CC2C7473F5000445CB /* ImageSaver.swift */ = {isa = PBXFileReference; lastKnownFileType = sourcecode.swift; path = ImageSaver.swift; sourceTree = "<group>"; };
		BC12B0CE2C7477CC000445CB /* StylesPage.swift */ = {isa = PBXFileReference; lastKnownFileType = sourcecode.swift; path = StylesPage.swift; sourceTree = "<group>"; };
		BC12B0D02C747D3E000445CB /* ModelsPage.swift */ = {isa = PBXFileReference; lastKnownFileType = sourcecode.swift; path = ModelsPage.swift; sourceTree = "<group>"; };
		BC1A16B02C4A069700C9C565 /* ChatReq.swift */ = {isa = PBXFileReference; lastKnownFileType = sourcecode.swift; path = ChatReq.swift; sourceTree = "<group>"; };
		BC1A16B22C4A06AE00C9C565 /* ChatResp.swift */ = {isa = PBXFileReference; lastKnownFileType = sourcecode.swift; path = ChatResp.swift; sourceTree = "<group>"; };
		BC50388C2C3E5D2D00EE2819 /* SmartVPN.app */ = {isa = PBXFileReference; explicitFileType = wrapper.application; includeInIndex = 0; path = SmartVPN.app; sourceTree = BUILT_PRODUCTS_DIR; };
		BC50388F2C3E5D2E00EE2819 /* AiChatBoxOnline.swift */ = {isa = PBXFileReference; lastKnownFileType = sourcecode.swift; path = AiChatBoxOnline.swift; sourceTree = "<group>"; };
		BC5038932C3E5D3000EE2819 /* Assets.xcassets */ = {isa = PBXFileReference; lastKnownFileType = folder.assetcatalog; path = Assets.xcassets; sourceTree = "<group>"; };
		BC5038962C3E5D3000EE2819 /* Preview Assets.xcassets */ = {isa = PBXFileReference; lastKnownFileType = folder.assetcatalog; path = "Preview Assets.xcassets"; sourceTree = "<group>"; };
		BC5038AA2C3E5DD800EE2819 /* Info.plist */ = {isa = PBXFileReference; lastKnownFileType = text.plist; path = Info.plist; sourceTree = "<group>"; };
		BC5038F62C3E66B700EE2819 /* SmartVPN.entitlements */ = {isa = PBXFileReference; lastKnownFileType = text.plist.entitlements; path = SmartVPN.entitlements; sourceTree = "<group>"; };
		BC50390A2C3E760100EE2819 /* Dev.swift */ = {isa = PBXFileReference; lastKnownFileType = sourcecode.swift; path = Dev.swift; sourceTree = "<group>"; };
		BC50392D2C3FA71100EE2819 /* Color.swift */ = {isa = PBXFileReference; lastKnownFileType = sourcecode.swift; path = Color.swift; sourceTree = "<group>"; };
		BC5039302C3FA74100EE2819 /* LaunchPage.swift */ = {isa = PBXFileReference; lastKnownFileType = sourcecode.swift; path = LaunchPage.swift; sourceTree = "<group>"; };
		BC50394E2C3FCDC600EE2819 /* CarouselView.swift */ = {isa = PBXFileReference; lastKnownFileType = sourcecode.swift; path = CarouselView.swift; sourceTree = "<group>"; };
		BC5039542C40FA6400EE2819 /* ChaterEntity.swift */ = {isa = PBXFileReference; lastKnownFileType = sourcecode.swift; path = ChaterEntity.swift; sourceTree = "<group>"; };
		BC5039582C41045B00EE2819 /* ChatPage.swift */ = {isa = PBXFileReference; lastKnownFileType = sourcecode.swift; path = ChatPage.swift; sourceTree = "<group>"; };
		BC50395C2C411F3400EE2819 /* Message.swift */ = {isa = PBXFileReference; lastKnownFileType = sourcecode.swift; path = Message.swift; sourceTree = "<group>"; };
		BC50395F2C411F5600EE2819 /* ChatViewModel.swift */ = {isa = PBXFileReference; lastKnownFileType = sourcecode.swift; path = ChatViewModel.swift; sourceTree = "<group>"; };
		BC5039612C411FF700EE2819 /* ChatBubble.swift */ = {isa = PBXFileReference; lastKnownFileType = sourcecode.swift; path = ChatBubble.swift; sourceTree = "<group>"; };
		BC5039632C41200C00EE2819 /* ChatView.swift */ = {isa = PBXFileReference; lastKnownFileType = sourcecode.swift; path = ChatView.swift; sourceTree = "<group>"; };
		BC5039652C41270300EE2819 /* Toast.swift */ = {isa = PBXFileReference; lastKnownFileType = sourcecode.swift; path = Toast.swift; sourceTree = "<group>"; };
		BC5039672C4129C300EE2819 /* OverlappingImagesView.swift */ = {isa = PBXFileReference; lastKnownFileType = sourcecode.swift; path = OverlappingImagesView.swift; sourceTree = "<group>"; };
		BC5039692C412D8500EE2819 /* ChaterListPage.swift */ = {isa = PBXFileReference; lastKnownFileType = sourcecode.swift; path = ChaterListPage.swift; sourceTree = "<group>"; };
		BC50396B2C412E9D00EE2819 /* ChaterItem.swift */ = {isa = PBXFileReference; lastKnownFileType = sourcecode.swift; path = ChaterItem.swift; sourceTree = "<group>"; };
		BC50396D2C41335400EE2819 /* NotificationBubbleView.swift */ = {isa = PBXFileReference; lastKnownFileType = sourcecode.swift; path = NotificationBubbleView.swift; sourceTree = "<group>"; };
		BC5039732C44FE8D00EE2819 /* LocalData.swift */ = {isa = PBXFileReference; lastKnownFileType = sourcecode.swift; path = LocalData.swift; sourceTree = "<group>"; };
		BC5039752C4504A300EE2819 /* SettingPage.swift */ = {isa = PBXFileReference; lastKnownFileType = sourcecode.swift; path = SettingPage.swift; sourceTree = "<group>"; };
		BC5039772C45051F00EE2819 /* SettingItem.swift */ = {isa = PBXFileReference; lastKnownFileType = sourcecode.swift; path = SettingItem.swift; sourceTree = "<group>"; };
		BC5039792C45060500EE2819 /* SettingItemData.swift */ = {isa = PBXFileReference; lastKnownFileType = sourcecode.swift; path = SettingItemData.swift; sourceTree = "<group>"; };
		BC50397D2C45264900EE2819 /* FbPage.swift */ = {isa = PBXFileReference; lastKnownFileType = sourcecode.swift; path = FbPage.swift; sourceTree = "<group>"; };
		BC5039852C466B2900EE2819 /* CustomNavigationBar.swift */ = {isa = PBXFileReference; lastKnownFileType = sourcecode.swift; path = CustomNavigationBar.swift; sourceTree = "<group>"; };
		BC5039872C4771DB00EE2819 /* PrivacyPage.swift */ = {isa = PBXFileReference; lastKnownFileType = sourcecode.swift; path = PrivacyPage.swift; sourceTree = "<group>"; };
		BCB67F882C58888200DAA32B /* connect.json */ = {isa = PBXFileReference; fileEncoding = 4; lastKnownFileType = text.json; name = connect.json; path = ../../../../../../Downloads/connect.json; sourceTree = "<group>"; };
		BCB67F892C58888200DAA32B /* xh.json */ = {isa = PBXFileReference; fileEncoding = 4; lastKnownFileType = text.json; name = xh.json; path = ../../../../../../Downloads/xh.json; sourceTree = "<group>"; };
		BCB67F902C58DE9200DAA32B /* DownloadSpeedTest.swift */ = {isa = PBXFileReference; lastKnownFileType = sourcecode.swift; path = DownloadSpeedTest.swift; sourceTree = "<group>"; };
		BCB67F922C58DF9400DAA32B /* UploadSpeedTest.swift */ = {isa = PBXFileReference; lastKnownFileType = sourcecode.swift; path = UploadSpeedTest.swift; sourceTree = "<group>"; };
		BCB67F942C59E5DF00DAA32B /* LocationInfoPage.swift */ = {isa = PBXFileReference; lastKnownFileType = sourcecode.swift; path = LocationInfoPage.swift; sourceTree = "<group>"; };
		BCB67F982C59E64700DAA32B /* LocationInfoEntity.swift */ = {isa = PBXFileReference; lastKnownFileType = sourcecode.swift; path = LocationInfoEntity.swift; sourceTree = "<group>"; };
		BCB67FA02C5A18BF00DAA32B /* CameraScannerView.swift */ = {isa = PBXFileReference; lastKnownFileType = sourcecode.swift; path = CameraScannerView.swift; sourceTree = "<group>"; };
		BCB67FA22C5A198900DAA32B /* ScanPage.swift */ = {isa = PBXFileReference; lastKnownFileType = sourcecode.swift; path = ScanPage.swift; sourceTree = "<group>"; };
		BCB67FA42C5A258800DAA32B /* QRCodeDetector.swift */ = {isa = PBXFileReference; lastKnownFileType = sourcecode.swift; path = QRCodeDetector.swift; sourceTree = "<group>"; };
		BCB67FA62C5A25C500DAA32B /* ImagePicker.swift */ = {isa = PBXFileReference; lastKnownFileType = sourcecode.swift; path = ImagePicker.swift; sourceTree = "<group>"; };
		BCB67FA82C5A27F500DAA32B /* LoadingView.swift */ = {isa = PBXFileReference; lastKnownFileType = sourcecode.swift; path = LoadingView.swift; sourceTree = "<group>"; };
		BCB67FAA2C5A313900DAA32B /* CameraManager.swift */ = {isa = PBXFileReference; lastKnownFileType = sourcecode.swift; path = CameraManager.swift; sourceTree = "<group>"; };
		BCB67FAC2C5B258F00DAA32B /* SpeedTest.swift */ = {isa = PBXFileReference; lastKnownFileType = sourcecode.swift; path = SpeedTest.swift; sourceTree = "<group>"; };
		BCB67FAE2C5B271100DAA32B /* SpeedTestPage.swift */ = {isa = PBXFileReference; lastKnownFileType = sourcecode.swift; path = SpeedTestPage.swift; sourceTree = "<group>"; };
		BCB67FB22C5B55F600DAA32B /* speed.json */ = {isa = PBXFileReference; fileEncoding = 4; lastKnownFileType = text.json; name = speed.json; path = ../../../../../../Downloads/speed.json; sourceTree = "<group>"; };
		BCB67FB72C5B8D5500DAA32B /* ComplexView.swift */ = {isa = PBXFileReference; lastKnownFileType = sourcecode.swift; path = ComplexView.swift; sourceTree = "<group>"; };
		BCB67FB92C5B8DB400DAA32B /* UserViewModel.swift */ = {isa = PBXFileReference; lastKnownFileType = sourcecode.swift; path = UserViewModel.swift; sourceTree = "<group>"; };
		BCB67FBB2C5B8E0B00DAA32B /* AdvancedViewModel.swift */ = {isa = PBXFileReference; lastKnownFileType = sourcecode.swift; path = AdvancedViewModel.swift; sourceTree = "<group>"; };
		BCEC50AE2C5C730400225EE5 /* MarqueeView.swift */ = {isa = PBXFileReference; lastKnownFileType = sourcecode.swift; path = MarqueeView.swift; sourceTree = "<group>"; };
		F486DE2BC9A88BBD66153EAB /* Pods-SmartVPN.debug.xcconfig */ = {isa = PBXFileReference; includeInIndex = 1; lastKnownFileType = text.xcconfig; name = "Pods-SmartVPN.debug.xcconfig"; path = "Target Support Files/Pods-SmartVPN/Pods-SmartVPN.debug.xcconfig"; sourceTree = "<group>"; };
/* End PBXFileReference section */

/* Begin PBXFrameworksBuildPhase section */
		BC5038892C3E5D2D00EE2819 /* Frameworks */ = {
			isa = PBXFrameworksBuildPhase;
			buildActionMask = 2147483647;
			files = (
				F77A3AADF7B284BE32F4DF1A /* Pods_SmartVPN.framework in Frameworks */,
				BC12B08F2C69E4F1000445CB /* Scientist in Frameworks */,
				BC12B0BE2C69FA27000445CB /* TPPDF in Frameworks */,
				BC12B0B32C69F3D7000445CB /* Hero in Frameworks */,
				BC12B0922C69E73E000445CB /* Kiri in Frameworks */,
				BC12B0982C69E8B0000445CB /* AlgoChecker in Frameworks */,
				BC12B0AA2C69ED32000445CB /* CalendarKit in Frameworks */,
				BC5039342C3FAC5000EE2819 /* Lottie in Frameworks */,
				BC12B09E2C69EA57000445CB /* FloatingPanel in Frameworks */,
				BC12B0B02C69EEB0000445CB /* InputMask in Frameworks */,
				BC12B0B62C69F4F3000445CB /* SwiftMessages in Frameworks */,
				BC12B09B2C69E9BC000445CB /* SideMenu in Frameworks */,
				BC12B0C12C69FB0F000445CB /* AAInfographics in Frameworks */,
				BC12B0AD2C69EE0D000445CB /* SwiftCSV in Frameworks */,
				BC12B0BB2C69F94F000445CB /* SwiftSoup in Frameworks */,
			);
			runOnlyForDeploymentPostprocessing = 0;
		};
/* End PBXFrameworksBuildPhase section */

/* Begin PBXGroup section */
		1130ECD98BD1E42E3E07CF91 /* Pods */ = {
			isa = PBXGroup;
			children = (
				F486DE2BC9A88BBD66153EAB /* Pods-SmartVPN.debug.xcconfig */,
				27C6278D6B9850DBC2F01D03 /* Pods-SmartVPN.release.xcconfig */,
			);
			path = Pods;
			sourceTree = "<group>";
		};
		852F2C006FF81A11CDD23015 /* Frameworks */ = {
			isa = PBXGroup;
			children = (
				3A0F37D3B2232C20C2FDDD17 /* Pods_SmartVPN.framework */,
			);
			name = Frameworks;
			sourceTree = "<group>";
		};
		BC5038832C3E5D2D00EE2819 = {
			isa = PBXGroup;
			children = (
				BC50388E2C3E5D2E00EE2819 /* SmartVPN */,
				BC50388D2C3E5D2D00EE2819 /* Products */,
				1130ECD98BD1E42E3E07CF91 /* Pods */,
				852F2C006FF81A11CDD23015 /* Frameworks */,
			);
			sourceTree = "<group>";
		};
		BC50388D2C3E5D2D00EE2819 /* Products */ = {
			isa = PBXGroup;
			children = (
				BC50388C2C3E5D2D00EE2819 /* SmartVPN.app */,
			);
			name = Products;
			sourceTree = "<group>";
		};
		BC50388E2C3E5D2E00EE2819 /* SmartVPN */ = {
			isa = PBXGroup;
			children = (
				BCB67FB62C5B8D4700DAA32B /* View */,
				BC50395E2C411F4700EE2819 /* viewmodel */,
				BC5039352C3FACCE00EE2819 /* anim */,
				BC50392F2C3FA73200EE2819 /* ui */,
				BC50390D2C3E79F200EE2819 /* data */,
				BC5039092C3E75F000EE2819 /* dev */,
				BC5038F62C3E66B700EE2819 /* SmartVPN.entitlements */,
				BC5038AA2C3E5DD800EE2819 /* Info.plist */,
				BC50388F2C3E5D2E00EE2819 /* AiChatBoxOnline.swift */,
				BC5038932C3E5D3000EE2819 /* Assets.xcassets */,
				BC5038952C3E5D3000EE2819 /* Preview Content */,
			);
			path = SmartVPN;
			sourceTree = "<group>";
		};
		BC5038952C3E5D3000EE2819 /* Preview Content */ = {
			isa = PBXGroup;
			children = (
				BC5038962C3E5D3000EE2819 /* Preview Assets.xcassets */,
			);
			path = "Preview Content";
			sourceTree = "<group>";
		};
		BC5039092C3E75F000EE2819 /* dev */ = {
			isa = PBXGroup;
			children = (
				BC50390A2C3E760100EE2819 /* Dev.swift */,
				BC50392D2C3FA71100EE2819 /* Color.swift */,
				BC5039732C44FE8D00EE2819 /* LocalData.swift */,
				BCB67F902C58DE9200DAA32B /* DownloadSpeedTest.swift */,
				BCB67F922C58DF9400DAA32B /* UploadSpeedTest.swift */,
				BCB67FA42C5A258800DAA32B /* QRCodeDetector.swift */,
				BCB67FA62C5A25C500DAA32B /* ImagePicker.swift */,
				BCB67FAC2C5B258F00DAA32B /* SpeedTest.swift */,
				BC12B0CC2C7473F5000445CB /* ImageSaver.swift */,
			);
			path = dev;
			sourceTree = "<group>";
		};
		BC50390D2C3E79F200EE2819 /* data */ = {
			isa = PBXGroup;
			children = (
				BC5039542C40FA6400EE2819 /* ChaterEntity.swift */,
				BC50395C2C411F3400EE2819 /* Message.swift */,
				BC5039792C45060500EE2819 /* SettingItemData.swift */,
				BC1A16B02C4A069700C9C565 /* ChatReq.swift */,
				BC1A16B22C4A06AE00C9C565 /* ChatResp.swift */,
				BCB67F982C59E64700DAA32B /* LocationInfoEntity.swift */,
				BC12B0C62C7338A4000445CB /* AiImageEntity.swift */,
			);
			path = data;
			sourceTree = "<group>";
		};
		BC50392F2C3FA73200EE2819 /* ui */ = {
			isa = PBXGroup;
			children = (
				BC5039302C3FA74100EE2819 /* LaunchPage.swift */,
				BC50394E2C3FCDC600EE2819 /* CarouselView.swift */,
				BC5039582C41045B00EE2819 /* ChatPage.swift */,
				BC5039612C411FF700EE2819 /* ChatBubble.swift */,
				BC5039632C41200C00EE2819 /* ChatView.swift */,
				BC5039652C41270300EE2819 /* Toast.swift */,
				BC5039672C4129C300EE2819 /* OverlappingImagesView.swift */,
				BC5039692C412D8500EE2819 /* ChaterListPage.swift */,
				BC50396B2C412E9D00EE2819 /* ChaterItem.swift */,
				BC50396D2C41335400EE2819 /* NotificationBubbleView.swift */,
				BC5039752C4504A300EE2819 /* SettingPage.swift */,
				BC5039772C45051F00EE2819 /* SettingItem.swift */,
				BC50397D2C45264900EE2819 /* FbPage.swift */,
				BC5039852C466B2900EE2819 /* CustomNavigationBar.swift */,
				BC5039872C4771DB00EE2819 /* PrivacyPage.swift */,
				BCB67F942C59E5DF00DAA32B /* LocationInfoPage.swift */,
				BCB67FA02C5A18BF00DAA32B /* CameraScannerView.swift */,
				BCB67FA22C5A198900DAA32B /* ScanPage.swift */,
				BCB67FA82C5A27F500DAA32B /* LoadingView.swift */,
				BCB67FAA2C5A313900DAA32B /* CameraManager.swift */,
				BCB67FAE2C5B271100DAA32B /* SpeedTestPage.swift */,
				BC12B07A2C65C155000445CB /* MainPage.swift */,
				BC12B07C2C65E8E8000445CB /* ImageGridView.swift */,
				BC12B07E2C65EC76000445CB /* ImageGridView2.swift */,
				BC12B0C22C732533000445CB /* Base64ImageView.swift */,
				BC12B0C42C7328E9000445CB /* CreateImagePage.swift */,
				BC12B0CA2C744748000445CB /* AIImagePage.swift */,
				BC12B0CE2C7477CC000445CB /* StylesPage.swift */,
				BC12B0D02C747D3E000445CB /* ModelsPage.swift */,
			);
			path = ui;
			sourceTree = "<group>";
		};
		BC5039352C3FACCE00EE2819 /* anim */ = {
			isa = PBXGroup;
			children = (
				BCB67FB22C5B55F600DAA32B /* speed.json */,
				BCB67F882C58888200DAA32B /* connect.json */,
				BCB67F892C58888200DAA32B /* xh.json */,
			);
			path = anim;
			sourceTree = "<group>";
		};
		BC50395E2C411F4700EE2819 /* viewmodel */ = {
			isa = PBXGroup;
			children = (
				BC50395F2C411F5600EE2819 /* ChatViewModel.swift */,
			);
			path = viewmodel;
			sourceTree = "<group>";
		};
		BCB67FB62C5B8D4700DAA32B /* View */ = {
			isa = PBXGroup;
			children = (
				BCB67FB72C5B8D5500DAA32B /* ComplexView.swift */,
				BCB67FB92C5B8DB400DAA32B /* UserViewModel.swift */,
				BCB67FBB2C5B8E0B00DAA32B /* AdvancedViewModel.swift */,
				BCEC50AE2C5C730400225EE5 /* MarqueeView.swift */,
			);
			path = View;
			sourceTree = "<group>";
		};
/* End PBXGroup section */

/* Begin PBXNativeTarget section */
		BC50388B2C3E5D2D00EE2819 /* SmartVPN */ = {
			isa = PBXNativeTarget;
			buildConfigurationList = BC50389A2C3E5D3000EE2819 /* Build configuration list for PBXNativeTarget "SmartVPN" */;
			buildPhases = (
				3D73BDE5EE3CE02BF7ACCA31 /* [CP] Check Pods Manifest.lock */,
				BC5038882C3E5D2D00EE2819 /* Sources */,
				BC5038892C3E5D2D00EE2819 /* Frameworks */,
				BC50388A2C3E5D2D00EE2819 /* Resources */,
				BC5038C22C3E5F2000EE2819 /* Embed Foundation Extensions */,
				A27E759E93E4750AC4EE61B6 /* [CP] Embed Pods Frameworks */,
			);
			buildRules = (
			);
			dependencies = (
			);
			name = SmartVPN;
			packageProductDependencies = (
				BC5039332C3FAC5000EE2819 /* Lottie */,
				BC12B08E2C69E4F1000445CB /* Scientist */,
				BC12B0912C69E73E000445CB /* Kiri */,
				BC12B0972C69E8B0000445CB /* AlgoChecker */,
				BC12B09A2C69E9BC000445CB /* SideMenu */,
				BC12B09D2C69EA57000445CB /* FloatingPanel */,
				BC12B0A92C69ED32000445CB /* CalendarKit */,
				BC12B0AC2C69EE0D000445CB /* SwiftCSV */,
				BC12B0AF2C69EEB0000445CB /* InputMask */,
				BC12B0B22C69F3D7000445CB /* Hero */,
				BC12B0B52C69F4F3000445CB /* SwiftMessages */,
				BC12B0BA2C69F94F000445CB /* SwiftSoup */,
				BC12B0BD2C69FA27000445CB /* TPPDF */,
				BC12B0C02C69FB0F000445CB /* AAInfographics */,
			);
			productName = SmartVPN;
			productReference = BC50388C2C3E5D2D00EE2819 /* SmartVPN.app */;
			productType = "com.apple.product-type.application";
		};
/* End PBXNativeTarget section */

/* Begin PBXProject section */
		BC5038842C3E5D2D00EE2819 /* Project object */ = {
			isa = PBXProject;
			attributes = {
				BuildIndependentTargetsInParallel = 1;
				LastSwiftUpdateCheck = 1540;
				LastUpgradeCheck = 1540;
				TargetAttributes = {
					BC50388B2C3E5D2D00EE2819 = {
						CreatedOnToolsVersion = 15.4;
					};
				};
			};
			buildConfigurationList = BC5038872C3E5D2D00EE2819 /* Build configuration list for PBXProject "SmartVPN" */;
			compatibilityVersion = "Xcode 14.0";
			developmentRegion = en;
			hasScannedForEncodings = 0;
			knownRegions = (
				en,
				Base,
			);
			mainGroup = BC5038832C3E5D2D00EE2819;
			packageReferences = (
				BC5039322C3FAC5000EE2819 /* XCRemoteSwiftPackageReference "lottie-ios" */,
				BC12B08D2C69E4F1000445CB /* XCRemoteSwiftPackageReference "scientist" */,
				BC12B0902C69E73E000445CB /* XCRemoteSwiftPackageReference "Kiri" */,
				BC12B0962C69E8B0000445CB /* XCRemoteSwiftPackageReference "algorithmchecker" */,
				BC12B0992C69E9BC000445CB /* XCRemoteSwiftPackageReference "SideMenu" */,
				BC12B09C2C69EA57000445CB /* XCRemoteSwiftPackageReference "FloatingPanel" */,
				BC12B0A82C69ED32000445CB /* XCRemoteSwiftPackageReference "CalendarKit" */,
				BC12B0AB2C69EE0C000445CB /* XCRemoteSwiftPackageReference "SwiftCSV" */,
				BC12B0AE2C69EEB0000445CB /* XCRemoteSwiftPackageReference "input-mask-ios" */,
				BC12B0B12C69F3D7000445CB /* XCRemoteSwiftPackageReference "Hero" */,
				BC12B0B42C69F4F3000445CB /* XCRemoteSwiftPackageReference "SwiftMessages" */,
				BC12B0B92C69F94F000445CB /* XCRemoteSwiftPackageReference "SwiftSoup" */,
				BC12B0BC2C69FA27000445CB /* XCRemoteSwiftPackageReference "tppdf" */,
				BC12B0BF2C69FB0F000445CB /* XCRemoteSwiftPackageReference "AAChartKit-Swift" */,
			);
			productRefGroup = BC50388D2C3E5D2D00EE2819 /* Products */;
			projectDirPath = "";
			projectRoot = "";
			targets = (
				BC50388B2C3E5D2D00EE2819 /* SmartVPN */,
			);
		};
/* End PBXProject section */

/* Begin PBXResourcesBuildPhase section */
		BC50388A2C3E5D2D00EE2819 /* Resources */ = {
			isa = PBXResourcesBuildPhase;
			buildActionMask = 2147483647;
			files = (
				BCB67F8A2C58888300DAA32B /* connect.json in Resources */,
				BC5038972C3E5D3000EE2819 /* Preview Assets.xcassets in Resources */,
				BC5038942C3E5D3000EE2819 /* Assets.xcassets in Resources */,
				BCB67F8B2C58888300DAA32B /* xh.json in Resources */,
				BCB67FB32C5B55F600DAA32B /* speed.json in Resources */,
			);
			runOnlyForDeploymentPostprocessing = 0;
		};
/* End PBXResourcesBuildPhase section */

/* Begin PBXShellScriptBuildPhase section */
		3D73BDE5EE3CE02BF7ACCA31 /* [CP] Check Pods Manifest.lock */ = {
			isa = PBXShellScriptBuildPhase;
			buildActionMask = 2147483647;
			files = (
			);
			inputFileListPaths = (
			);
			inputPaths = (
				"${PODS_PODFILE_DIR_PATH}/Podfile.lock",
				"${PODS_ROOT}/Manifest.lock",
			);
			name = "[CP] Check Pods Manifest.lock";
			outputFileListPaths = (
			);
			outputPaths = (
				"$(DERIVED_FILE_DIR)/Pods-SmartVPN-checkManifestLockResult.txt",
			);
			runOnlyForDeploymentPostprocessing = 0;
			shellPath = /bin/sh;
			shellScript = "diff \"${PODS_PODFILE_DIR_PATH}/Podfile.lock\" \"${PODS_ROOT}/Manifest.lock\" > /dev/null\nif [ $? != 0 ] ; then\n    # print error to STDERR\n    echo \"error: The sandbox is not in sync with the Podfile.lock. Run 'pod install' or update your CocoaPods installation.\" >&2\n    exit 1\nfi\n# This output is used by Xcode 'outputs' to avoid re-running this script phase.\necho \"SUCCESS\" > \"${SCRIPT_OUTPUT_FILE_0}\"\n";
			showEnvVarsInLog = 0;
		};
		A27E759E93E4750AC4EE61B6 /* [CP] Embed Pods Frameworks */ = {
			isa = PBXShellScriptBuildPhase;
			buildActionMask = 2147483647;
			files = (
			);
			inputFileListPaths = (
				"${PODS_ROOT}/Target Support Files/Pods-SmartVPN/Pods-SmartVPN-frameworks-${CONFIGURATION}-input-files.xcfilelist",
			);
			name = "[CP] Embed Pods Frameworks";
			outputFileListPaths = (
				"${PODS_ROOT}/Target Support Files/Pods-SmartVPN/Pods-SmartVPN-frameworks-${CONFIGURATION}-output-files.xcfilelist",
			);
			runOnlyForDeploymentPostprocessing = 0;
			shellPath = /bin/sh;
			shellScript = "\"${PODS_ROOT}/Target Support Files/Pods-SmartVPN/Pods-SmartVPN-frameworks.sh\"\n";
			showEnvVarsInLog = 0;
		};
/* End PBXShellScriptBuildPhase section */

/* Begin PBXSourcesBuildPhase section */
		BC5038882C3E5D2D00EE2819 /* Sources */ = {
			isa = PBXSourcesBuildPhase;
			buildActionMask = 2147483647;
			files = (
				BC12B0C72C7338A4000445CB /* AiImageEntity.swift in Sources */,
				BCB67F992C59E64700DAA32B /* LocationInfoEntity.swift in Sources */,
				BC5039552C40FA6400EE2819 /* ChaterEntity.swift in Sources */,
				BC5039622C411FF700EE2819 /* ChatBubble.swift in Sources */,
				BC5039662C41270300EE2819 /* Toast.swift in Sources */,
				BC50397E2C45264900EE2819 /* FbPage.swift in Sources */,
				BC5039862C466B2900EE2819 /* CustomNavigationBar.swift in Sources */,
				BC5038902C3E5D2E00EE2819 /* AiChatBoxOnline.swift in Sources */,
				BC12B0CF2C7477CC000445CB /* StylesPage.swift in Sources */,
				BC1A16B32C4A06AE00C9C565 /* ChatResp.swift in Sources */,
				BCB67F932C58DF9400DAA32B /* UploadSpeedTest.swift in Sources */,
				BC5039882C4771DB00EE2819 /* PrivacyPage.swift in Sources */,
				BC12B0CD2C7473F5000445CB /* ImageSaver.swift in Sources */,
				BC5039782C45051F00EE2819 /* SettingItem.swift in Sources */,
				BC5039642C41200C00EE2819 /* ChatView.swift in Sources */,
				BCB67FAD2C5B258F00DAA32B /* SpeedTest.swift in Sources */,
				BCB67F912C58DE9200DAA32B /* DownloadSpeedTest.swift in Sources */,
				BCB67FB82C5B8D5500DAA32B /* ComplexView.swift in Sources */,
				BC12B07B2C65C155000445CB /* MainPage.swift in Sources */,
				BC50396E2C41335400EE2819 /* NotificationBubbleView.swift in Sources */,
				BCB67FA32C5A198900DAA32B /* ScanPage.swift in Sources */,
				BC50396A2C412D8500EE2819 /* ChaterListPage.swift in Sources */,
				BC50394F2C3FCDC600EE2819 /* CarouselView.swift in Sources */,
				BC12B0C32C732533000445CB /* Base64ImageView.swift in Sources */,
				BCB67FBA2C5B8DB400DAA32B /* UserViewModel.swift in Sources */,
				BC5039312C3FA74100EE2819 /* LaunchPage.swift in Sources */,
				BC50390B2C3E760100EE2819 /* Dev.swift in Sources */,
				BCB67FA92C5A27F500DAA32B /* LoadingView.swift in Sources */,
				BC12B0D12C747D3E000445CB /* ModelsPage.swift in Sources */,
				BC12B0C52C7328E9000445CB /* CreateImagePage.swift in Sources */,
				BC12B07D2C65E8E8000445CB /* ImageGridView.swift in Sources */,
				BCB67FA12C5A18BF00DAA32B /* CameraScannerView.swift in Sources */,
				BCB67F952C59E5DF00DAA32B /* LocationInfoPage.swift in Sources */,
				BC50396C2C412E9D00EE2819 /* ChaterItem.swift in Sources */,
				BC12B0CB2C744748000445CB /* AIImagePage.swift in Sources */,
				BC5039742C44FE8D00EE2819 /* LocalData.swift in Sources */,
				BC50397A2C45060500EE2819 /* SettingItemData.swift in Sources */,
				BCB67FA72C5A25C500DAA32B /* ImagePicker.swift in Sources */,
				BC50392E2C3FA71100EE2819 /* Color.swift in Sources */,
				BC12B07F2C65EC76000445CB /* ImageGridView2.swift in Sources */,
				BC5039602C411F5600EE2819 /* ChatViewModel.swift in Sources */,
				BCB67FBC2C5B8E0B00DAA32B /* AdvancedViewModel.swift in Sources */,
				BCEC50AF2C5C730400225EE5 /* MarqueeView.swift in Sources */,
				BCB67FAB2C5A313900DAA32B /* CameraManager.swift in Sources */,
				BC5039682C4129C300EE2819 /* OverlappingImagesView.swift in Sources */,
				BC1A16B12C4A069700C9C565 /* ChatReq.swift in Sources */,
				BC5039592C41045B00EE2819 /* ChatPage.swift in Sources */,
				BC5039762C4504A300EE2819 /* SettingPage.swift in Sources */,
				BC50395D2C411F3400EE2819 /* Message.swift in Sources */,
				BCB67FAF2C5B271100DAA32B /* SpeedTestPage.swift in Sources */,
				BCB67FA52C5A258800DAA32B /* QRCodeDetector.swift in Sources */,
			);
			runOnlyForDeploymentPostprocessing = 0;
		};
/* End PBXSourcesBuildPhase section */

/* Begin XCBuildConfiguration section */
		BC5038982C3E5D3000EE2819 /* Debug */ = {
			isa = XCBuildConfiguration;
			buildSettings = {
				ALWAYS_SEARCH_USER_PATHS = NO;
				ASSETCATALOG_COMPILER_GENERATE_SWIFT_ASSET_SYMBOL_EXTENSIONS = YES;
				CLANG_ANALYZER_NONNULL = YES;
				CLANG_ANALYZER_NUMBER_OBJECT_CONVERSION = YES_AGGRESSIVE;
				CLANG_CXX_LANGUAGE_STANDARD = "gnu++20";
				CLANG_ENABLE_MODULES = YES;
				CLANG_ENABLE_OBJC_ARC = YES;
				CLANG_ENABLE_OBJC_WEAK = YES;
				CLANG_WARN_BLOCK_CAPTURE_AUTORELEASING = YES;
				CLANG_WARN_BOOL_CONVERSION = YES;
				CLANG_WARN_COMMA = YES;
				CLANG_WARN_CONSTANT_CONVERSION = YES;
				CLANG_WARN_DEPRECATED_OBJC_IMPLEMENTATIONS = YES;
				CLANG_WARN_DIRECT_OBJC_ISA_USAGE = YES_ERROR;
				CLANG_WARN_DOCUMENTATION_COMMENTS = YES;
				CLANG_WARN_EMPTY_BODY = YES;
				CLANG_WARN_ENUM_CONVERSION = YES;
				CLANG_WARN_INFINITE_RECURSION = YES;
				CLANG_WARN_INT_CONVERSION = YES;
				CLANG_WARN_NON_LITERAL_NULL_CONVERSION = YES;
				CLANG_WARN_OBJC_IMPLICIT_RETAIN_SELF = YES;
				CLANG_WARN_OBJC_LITERAL_CONVERSION = YES;
				CLANG_WARN_OBJC_ROOT_CLASS = YES_ERROR;
				CLANG_WARN_QUOTED_INCLUDE_IN_FRAMEWORK_HEADER = YES;
				CLANG_WARN_RANGE_LOOP_ANALYSIS = YES;
				CLANG_WARN_STRICT_PROTOTYPES = YES;
				CLANG_WARN_SUSPICIOUS_MOVE = YES;
				CLANG_WARN_UNGUARDED_AVAILABILITY = YES_AGGRESSIVE;
				CLANG_WARN_UNREACHABLE_CODE = YES;
				CLANG_WARN__DUPLICATE_METHOD_MATCH = YES;
				COPY_PHASE_STRIP = NO;
				DEBUG_INFORMATION_FORMAT = dwarf;
				ENABLE_STRICT_OBJC_MSGSEND = YES;
				ENABLE_TESTABILITY = YES;
				ENABLE_USER_SCRIPT_SANDBOXING = NO;
				GCC_C_LANGUAGE_STANDARD = gnu17;
				GCC_DYNAMIC_NO_PIC = NO;
				GCC_NO_COMMON_BLOCKS = YES;
				GCC_OPTIMIZATION_LEVEL = 0;
				GCC_PREPROCESSOR_DEFINITIONS = (
					"DEBUG=1",
					"$(inherited)",
				);
				GCC_WARN_64_TO_32_BIT_CONVERSION = YES;
				GCC_WARN_ABOUT_RETURN_TYPE = YES_ERROR;
				GCC_WARN_UNDECLARED_SELECTOR = YES;
				GCC_WARN_UNINITIALIZED_AUTOS = YES_AGGRESSIVE;
				GCC_WARN_UNUSED_FUNCTION = YES;
				GCC_WARN_UNUSED_VARIABLE = YES;
				IPHONEOS_DEPLOYMENT_TARGET = 17.5;
				LOCALIZATION_PREFERS_STRING_CATALOGS = YES;
				MTL_ENABLE_DEBUG_INFO = INCLUDE_SOURCE;
				MTL_FAST_MATH = YES;
				ONLY_ACTIVE_ARCH = YES;
				SDKROOT = iphoneos;
				SWIFT_ACTIVE_COMPILATION_CONDITIONS = "DEBUG $(inherited)";
				SWIFT_OPTIMIZATION_LEVEL = "-Onone";
			};
			name = Debug;
		};
		BC5038992C3E5D3000EE2819 /* Release */ = {
			isa = XCBuildConfiguration;
			buildSettings = {
				ALWAYS_SEARCH_USER_PATHS = NO;
				ASSETCATALOG_COMPILER_GENERATE_SWIFT_ASSET_SYMBOL_EXTENSIONS = YES;
				CLANG_ANALYZER_NONNULL = YES;
				CLANG_ANALYZER_NUMBER_OBJECT_CONVERSION = YES_AGGRESSIVE;
				CLANG_CXX_LANGUAGE_STANDARD = "gnu++20";
				CLANG_ENABLE_MODULES = YES;
				CLANG_ENABLE_OBJC_ARC = YES;
				CLANG_ENABLE_OBJC_WEAK = YES;
				CLANG_WARN_BLOCK_CAPTURE_AUTORELEASING = YES;
				CLANG_WARN_BOOL_CONVERSION = YES;
				CLANG_WARN_COMMA = YES;
				CLANG_WARN_CONSTANT_CONVERSION = YES;
				CLANG_WARN_DEPRECATED_OBJC_IMPLEMENTATIONS = YES;
				CLANG_WARN_DIRECT_OBJC_ISA_USAGE = YES_ERROR;
				CLANG_WARN_DOCUMENTATION_COMMENTS = YES;
				CLANG_WARN_EMPTY_BODY = YES;
				CLANG_WARN_ENUM_CONVERSION = YES;
				CLANG_WARN_INFINITE_RECURSION = YES;
				CLANG_WARN_INT_CONVERSION = YES;
				CLANG_WARN_NON_LITERAL_NULL_CONVERSION = YES;
				CLANG_WARN_OBJC_IMPLICIT_RETAIN_SELF = YES;
				CLANG_WARN_OBJC_LITERAL_CONVERSION = YES;
				CLANG_WARN_OBJC_ROOT_CLASS = YES_ERROR;
				CLANG_WARN_QUOTED_INCLUDE_IN_FRAMEWORK_HEADER = YES;
				CLANG_WARN_RANGE_LOOP_ANALYSIS = YES;
				CLANG_WARN_STRICT_PROTOTYPES = YES;
				CLANG_WARN_SUSPICIOUS_MOVE = YES;
				CLANG_WARN_UNGUARDED_AVAILABILITY = YES_AGGRESSIVE;
				CLANG_WARN_UNREACHABLE_CODE = YES;
				CLANG_WARN__DUPLICATE_METHOD_MATCH = YES;
				COPY_PHASE_STRIP = NO;
				DEBUG_INFORMATION_FORMAT = "dwarf-with-dsym";
				ENABLE_NS_ASSERTIONS = NO;
				ENABLE_STRICT_OBJC_MSGSEND = YES;
				ENABLE_USER_SCRIPT_SANDBOXING = NO;
				GCC_C_LANGUAGE_STANDARD = gnu17;
				GCC_NO_COMMON_BLOCKS = YES;
				GCC_WARN_64_TO_32_BIT_CONVERSION = YES;
				GCC_WARN_ABOUT_RETURN_TYPE = YES_ERROR;
				GCC_WARN_UNDECLARED_SELECTOR = YES;
				GCC_WARN_UNINITIALIZED_AUTOS = YES_AGGRESSIVE;
				GCC_WARN_UNUSED_FUNCTION = YES;
				GCC_WARN_UNUSED_VARIABLE = YES;
				IPHONEOS_DEPLOYMENT_TARGET = 17.5;
				LOCALIZATION_PREFERS_STRING_CATALOGS = YES;
				MTL_ENABLE_DEBUG_INFO = NO;
				MTL_FAST_MATH = YES;
				SDKROOT = iphoneos;
				SWIFT_COMPILATION_MODE = wholemodule;
				VALIDATE_PRODUCT = YES;
			};
			name = Release;
		};
		BC50389B2C3E5D3000EE2819 /* Debug */ = {
			isa = XCBuildConfiguration;
			baseConfigurationReference = F486DE2BC9A88BBD66153EAB /* Pods-SmartVPN.debug.xcconfig */;
			buildSettings = {
				ALWAYS_EMBED_SWIFT_STANDARD_LIBRARIES = YES;
				ASSETCATALOG_COMPILER_APPICON_NAME = AppIcon;
				ASSETCATALOG_COMPILER_GLOBAL_ACCENT_COLOR_NAME = AccentColor;
				CODE_SIGN_ENTITLEMENTS = SmartVPN/SmartVPN.entitlements;
				CODE_SIGN_IDENTITY = "Apple Development";
				CODE_SIGN_STYLE = Automatic;
				CURRENT_PROJECT_VERSION = 1;
				DEVELOPMENT_ASSET_PATHS = "\"SmartVPN/Preview Content\"";
				DEVELOPMENT_TEAM = ZRKM42D778;
				ENABLE_PREVIEWS = YES;
				GENERATE_INFOPLIST_FILE = YES;
				INFOPLIST_FILE = SmartVPN/Info.plist;
				INFOPLIST_KEY_CFBundleDisplayName = AIChatBox;
				INFOPLIST_KEY_LSApplicationCategoryType = "public.app-category.productivity";
				INFOPLIST_KEY_NSCameraUsageDescription = "If you want to use the camera to read the QR code, please allow us to use the camera permission.";
				INFOPLIST_KEY_NSPhotoLibraryAddUsageDescription = "We need access to the photo library to save photos.";
				INFOPLIST_KEY_NSPhotoLibraryUsageDescription = "We need your permission to save images to your photo album.";
				INFOPLIST_KEY_UIApplicationSceneManifest_Generation = YES;
				INFOPLIST_KEY_UIApplicationSupportsIndirectInputEvents = YES;
				INFOPLIST_KEY_UILaunchScreen_Generation = YES;
				INFOPLIST_KEY_UISupportedInterfaceOrientations = UIInterfaceOrientationPortrait;
				INFOPLIST_KEY_UISupportedInterfaceOrientations_iPad = "UIInterfaceOrientationLandscapeLeft UIInterfaceOrientationLandscapeRight UIInterfaceOrientationPortrait UIInterfaceOrientationPortraitUpsideDown";
				IPHONEOS_DEPLOYMENT_TARGET = 15.5;
				LD_RUNPATH_SEARCH_PATHS = (
					"$(inherited)",
					"@executable_path/Frameworks",
				);
				MARKETING_VERSION = 1.0;
				PRODUCT_BUNDLE_IDENTIFIER = com.apps.smartx.joy;
				PRODUCT_NAME = "$(TARGET_NAME)";
				PROVISIONING_PROFILE_SPECIFIER = "";
				SUPPORTED_PLATFORMS = "iphoneos iphonesimulator";
				SUPPORTS_MACCATALYST = NO;
				SUPPORTS_MAC_DESIGNED_FOR_IPHONE_IPAD = NO;
				SUPPORTS_XR_DESIGNED_FOR_IPHONE_IPAD = NO;
				SWIFT_EMIT_LOC_STRINGS = YES;
				SWIFT_VERSION = 5.0;
				TARGETED_DEVICE_FAMILY = 1;
			};
			name = Debug;
		};
		BC50389C2C3E5D3000EE2819 /* Release */ = {
			isa = XCBuildConfiguration;
			baseConfigurationReference = 27C6278D6B9850DBC2F01D03 /* Pods-SmartVPN.release.xcconfig */;
			buildSettings = {
				ALWAYS_EMBED_SWIFT_STANDARD_LIBRARIES = YES;
				ASSETCATALOG_COMPILER_APPICON_NAME = AppIcon;
				ASSETCATALOG_COMPILER_GLOBAL_ACCENT_COLOR_NAME = AccentColor;
				CODE_SIGN_ENTITLEMENTS = SmartVPN/SmartVPN.entitlements;
				CODE_SIGN_IDENTITY = "Apple Development";
				CODE_SIGN_STYLE = Automatic;
				CURRENT_PROJECT_VERSION = 1;
				DEVELOPMENT_ASSET_PATHS = "\"SmartVPN/Preview Content\"";
				DEVELOPMENT_TEAM = ZRKM42D778;
				ENABLE_PREVIEWS = YES;
				GENERATE_INFOPLIST_FILE = YES;
				INFOPLIST_FILE = SmartVPN/Info.plist;
				INFOPLIST_KEY_CFBundleDisplayName = AIChatBox;
				INFOPLIST_KEY_LSApplicationCategoryType = "public.app-category.productivity";
				INFOPLIST_KEY_NSCameraUsageDescription = "If you want to use the camera to read the QR code, please allow us to use the camera permission.";
				INFOPLIST_KEY_NSPhotoLibraryAddUsageDescription = "We need access to the photo library to save photos.";
				INFOPLIST_KEY_NSPhotoLibraryUsageDescription = "We need your permission to save images to your photo album.";
				INFOPLIST_KEY_UIApplicationSceneManifest_Generation = YES;
				INFOPLIST_KEY_UIApplicationSupportsIndirectInputEvents = YES;
				INFOPLIST_KEY_UILaunchScreen_Generation = YES;
				INFOPLIST_KEY_UISupportedInterfaceOrientations = UIInterfaceOrientationPortrait;
				INFOPLIST_KEY_UISupportedInterfaceOrientations_iPad = "UIInterfaceOrientationLandscapeLeft UIInterfaceOrientationLandscapeRight UIInterfaceOrientationPortrait UIInterfaceOrientationPortraitUpsideDown";
				IPHONEOS_DEPLOYMENT_TARGET = 15.5;
				LD_RUNPATH_SEARCH_PATHS = (
					"$(inherited)",
					"@executable_path/Frameworks",
				);
				MARKETING_VERSION = 1.0;
				PRODUCT_BUNDLE_IDENTIFIER = com.apps.smartx.joy;
				PRODUCT_NAME = "$(TARGET_NAME)";
				PROVISIONING_PROFILE_SPECIFIER = "";
				SUPPORTED_PLATFORMS = "iphoneos iphonesimulator";
				SUPPORTS_MACCATALYST = NO;
				SUPPORTS_MAC_DESIGNED_FOR_IPHONE_IPAD = NO;
				SUPPORTS_XR_DESIGNED_FOR_IPHONE_IPAD = NO;
				SWIFT_EMIT_LOC_STRINGS = YES;
				SWIFT_VERSION = 5.0;
				TARGETED_DEVICE_FAMILY = 1;
			};
			name = Release;
		};
/* End XCBuildConfiguration section */

/* Begin XCConfigurationList section */
		BC5038872C3E5D2D00EE2819 /* Build configuration list for PBXProject "SmartVPN" */ = {
			isa = XCConfigurationList;
			buildConfigurations = (
				BC5038982C3E5D3000EE2819 /* Debug */,
				BC5038992C3E5D3000EE2819 /* Release */,
			);
			defaultConfigurationIsVisible = 0;
			defaultConfigurationName = Release;
		};
		BC50389A2C3E5D3000EE2819 /* Build configuration list for PBXNativeTarget "SmartVPN" */ = {
			isa = XCConfigurationList;
			buildConfigurations = (
				BC50389B2C3E5D3000EE2819 /* Debug */,
				BC50389C2C3E5D3000EE2819 /* Release */,
			);
			defaultConfigurationIsVisible = 0;
			defaultConfigurationName = Release;
		};
/* End XCConfigurationList section */

/* Begin XCRemoteSwiftPackageReference section */
		BC12B08D2C69E4F1000445CB /* XCRemoteSwiftPackageReference "scientist" */ = {
			isa = XCRemoteSwiftPackageReference;
			repositoryURL = "https://github.com/junkpiano/scientist.git";
			requirement = {
				kind = exactVersion;
				version = 0.4.0;
			};
		};
		BC12B0902C69E73E000445CB /* XCRemoteSwiftPackageReference "Kiri" */ = {
			isa = XCRemoteSwiftPackageReference;
			repositoryURL = "https://github.com/junkpiano/Kiri.git";
			requirement = {
				kind = exactVersion;
				version = 1.1.0;
			};
		};
		BC12B0962C69E8B0000445CB /* XCRemoteSwiftPackageReference "algorithmchecker" */ = {
			isa = XCRemoteSwiftPackageReference;
			repositoryURL = "https://github.com/kandelvijaya/algorithmchecker.git";
			requirement = {
				kind = exactVersion;
				version = 0.1.5;
			};
		};
		BC12B0992C69E9BC000445CB /* XCRemoteSwiftPackageReference "SideMenu" */ = {
			isa = XCRemoteSwiftPackageReference;
			repositoryURL = "https://github.com/jonkykong/SideMenu.git";
			requirement = {
				kind = exactVersion;
				version = 6.5.0;
			};
		};
		BC12B09C2C69EA57000445CB /* XCRemoteSwiftPackageReference "FloatingPanel" */ = {
			isa = XCRemoteSwiftPackageReference;
			repositoryURL = "https://github.com/SCENEE/FloatingPanel.git";
			requirement = {
				kind = upToNextMajorVersion;
				minimumVersion = 2.8.5;
			};
		};
		BC12B0A82C69ED32000445CB /* XCRemoteSwiftPackageReference "CalendarKit" */ = {
			isa = XCRemoteSwiftPackageReference;
			repositoryURL = "https://github.com/richardtop/CalendarKit.git";
			requirement = {
				kind = upToNextMajorVersion;
				minimumVersion = 1.1.10;
			};
		};
		BC12B0AB2C69EE0C000445CB /* XCRemoteSwiftPackageReference "SwiftCSV" */ = {
			isa = XCRemoteSwiftPackageReference;
			repositoryURL = "https://github.com/swiftcsv/SwiftCSV.git";
			requirement = {
				kind = upToNextMajorVersion;
				minimumVersion = 0.10.0;
			};
		};
		BC12B0AE2C69EEB0000445CB /* XCRemoteSwiftPackageReference "input-mask-ios" */ = {
			isa = XCRemoteSwiftPackageReference;
			repositoryURL = "https://github.com/RedMadRobot/input-mask-ios";
			requirement = {
				kind = upToNextMajorVersion;
				minimumVersion = 7.3.2;
			};
		};
		BC12B0B12C69F3D7000445CB /* XCRemoteSwiftPackageReference "Hero" */ = {
			isa = XCRemoteSwiftPackageReference;
			repositoryURL = "https://github.com/HeroTransitions/Hero.git";
			requirement = {
				kind = upToNextMajorVersion;
				minimumVersion = 1.6.3;
			};
		};
		BC12B0B42C69F4F3000445CB /* XCRemoteSwiftPackageReference "SwiftMessages" */ = {
			isa = XCRemoteSwiftPackageReference;
			repositoryURL = "https://github.com/SwiftKickMobile/SwiftMessages.git";
			requirement = {
				kind = upToNextMajorVersion;
				minimumVersion = 10.0.0;
			};
		};
		BC12B0B92C69F94F000445CB /* XCRemoteSwiftPackageReference "SwiftSoup" */ = {
			isa = XCRemoteSwiftPackageReference;
			repositoryURL = "https://github.com/scinfu/SwiftSoup.git";
			requirement = {
				kind = upToNextMajorVersion;
				minimumVersion = 2.7.3;
			};
		};
		BC12B0BC2C69FA27000445CB /* XCRemoteSwiftPackageReference "tppdf" */ = {
			isa = XCRemoteSwiftPackageReference;
			repositoryURL = "https://github.com/techprimate/tppdf.git";
			requirement = {
				kind = upToNextMajorVersion;
				minimumVersion = 2.6.0;
			};
		};
		BC12B0BF2C69FB0F000445CB /* XCRemoteSwiftPackageReference "AAChartKit-Swift" */ = {
			isa = XCRemoteSwiftPackageReference;
			repositoryURL = "https://github.com/AAChartModel/AAChartKit-Swift.git";
			requirement = {
				kind = upToNextMajorVersion;
				minimumVersion = 9.0.0;
			};
		};
		BC5039322C3FAC5000EE2819 /* XCRemoteSwiftPackageReference "lottie-ios" */ = {
			isa = XCRemoteSwiftPackageReference;
			repositoryURL = "https://github.com/airbnb/lottie-ios.git";
			requirement = {
				kind = upToNextMajorVersion;
				minimumVersion = 4.5.0;
			};
		};
/* End XCRemoteSwiftPackageReference section */

/* Begin XCSwiftPackageProductDependency section */
		BC12B08E2C69E4F1000445CB /* Scientist */ = {
			isa = XCSwiftPackageProductDependency;
			package = BC12B08D2C69E4F1000445CB /* XCRemoteSwiftPackageReference "scientist" */;
			productName = Scientist;
		};
		BC12B0912C69E73E000445CB /* Kiri */ = {
			isa = XCSwiftPackageProductDependency;
			package = BC12B0902C69E73E000445CB /* XCRemoteSwiftPackageReference "Kiri" */;
			productName = Kiri;
		};
		BC12B0972C69E8B0000445CB /* AlgoChecker */ = {
			isa = XCSwiftPackageProductDependency;
			package = BC12B0962C69E8B0000445CB /* XCRemoteSwiftPackageReference "algorithmchecker" */;
			productName = AlgoChecker;
		};
		BC12B09A2C69E9BC000445CB /* SideMenu */ = {
			isa = XCSwiftPackageProductDependency;
			package = BC12B0992C69E9BC000445CB /* XCRemoteSwiftPackageReference "SideMenu" */;
			productName = SideMenu;
		};
		BC12B09D2C69EA57000445CB /* FloatingPanel */ = {
			isa = XCSwiftPackageProductDependency;
			package = BC12B09C2C69EA57000445CB /* XCRemoteSwiftPackageReference "FloatingPanel" */;
			productName = FloatingPanel;
		};
		BC12B0A92C69ED32000445CB /* CalendarKit */ = {
			isa = XCSwiftPackageProductDependency;
			package = BC12B0A82C69ED32000445CB /* XCRemoteSwiftPackageReference "CalendarKit" */;
			productName = CalendarKit;
		};
		BC12B0AC2C69EE0D000445CB /* SwiftCSV */ = {
			isa = XCSwiftPackageProductDependency;
			package = BC12B0AB2C69EE0C000445CB /* XCRemoteSwiftPackageReference "SwiftCSV" */;
			productName = SwiftCSV;
		};
		BC12B0AF2C69EEB0000445CB /* InputMask */ = {
			isa = XCSwiftPackageProductDependency;
			package = BC12B0AE2C69EEB0000445CB /* XCRemoteSwiftPackageReference "input-mask-ios" */;
			productName = InputMask;
		};
		BC12B0B22C69F3D7000445CB /* Hero */ = {
			isa = XCSwiftPackageProductDependency;
			package = BC12B0B12C69F3D7000445CB /* XCRemoteSwiftPackageReference "Hero" */;
			productName = Hero;
		};
		BC12B0B52C69F4F3000445CB /* SwiftMessages */ = {
			isa = XCSwiftPackageProductDependency;
			package = BC12B0B42C69F4F3000445CB /* XCRemoteSwiftPackageReference "SwiftMessages" */;
			productName = SwiftMessages;
		};
		BC12B0BA2C69F94F000445CB /* SwiftSoup */ = {
			isa = XCSwiftPackageProductDependency;
			package = BC12B0B92C69F94F000445CB /* XCRemoteSwiftPackageReference "SwiftSoup" */;
			productName = SwiftSoup;
		};
		BC12B0BD2C69FA27000445CB /* TPPDF */ = {
			isa = XCSwiftPackageProductDependency;
			package = BC12B0BC2C69FA27000445CB /* XCRemoteSwiftPackageReference "tppdf" */;
			productName = TPPDF;
		};
		BC12B0C02C69FB0F000445CB /* AAInfographics */ = {
			isa = XCSwiftPackageProductDependency;
			package = BC12B0BF2C69FB0F000445CB /* XCRemoteSwiftPackageReference "AAChartKit-Swift" */;
			productName = AAInfographics;
		};
		BC5039332C3FAC5000EE2819 /* Lottie */ = {
			isa = XCSwiftPackageProductDependency;
			package = BC5039322C3FAC5000EE2819 /* XCRemoteSwiftPackageReference "lottie-ios" */;
			productName = Lottie;
		};
/* End XCSwiftPackageProductDependency section */
	};
	rootObject = BC5038842C3E5D2D00EE2819 /* Project object */;
}
