// !$*UTF8*$!
{
	archiveVersion = 1;
	classes = {
	};
	objectVersion = 60;
	objects = {

/* Begin PBXBuildFile section */
		648E4B28E7119A08AFF03A1B /* Pods_SmartT.framework in Frameworks */ = {isa = PBXBuildFile; fileRef = 580B3CEF91F1385C441742C4 /* Pods_SmartT.framework */; };
		BC5038902C3E5D2E00EE2819 /* SmartVPNApp.swift in Sources */ = {isa = PBXBuildFile; fileRef = BC50388F2C3E5D2E00EE2819 /* SmartVPNApp.swift */; };
		BC5038922C3E5D2E00EE2819 /* ContentView.swift in Sources */ = {isa = PBXBuildFile; fileRef = BC5038912C3E5D2E00EE2819 /* ContentView.swift */; };
		BC5038942C3E5D3000EE2819 /* Assets.xcassets in Resources */ = {isa = PBXBuildFile; fileRef = BC5038932C3E5D3000EE2819 /* Assets.xcassets */; };
		BC5038972C3E5D3000EE2819 /* Preview Assets.xcassets in Resources */ = {isa = PBXBuildFile; fileRef = BC5038962C3E5D3000EE2819 /* Preview Assets.xcassets */; };
		BC5039002C3E6ED700EE2819 /* TunnelKit in Frameworks */ = {isa = PBXBuildFile; productRef = BC5038FF2C3E6ED700EE2819 /* TunnelKit */; };
		BC5039022C3E6ED700EE2819 /* TunnelKitOpenVPN in Frameworks */ = {isa = PBXBuildFile; productRef = BC5039012C3E6ED700EE2819 /* TunnelKitOpenVPN */; };
		BC50390B2C3E760100EE2819 /* Dev.swift in Sources */ = {isa = PBXBuildFile; fileRef = BC50390A2C3E760100EE2819 /* Dev.swift */; };
		BC50390F2C3E7A5100EE2819 /* NodeEntity.swift in Sources */ = {isa = PBXBuildFile; fileRef = BC50390E2C3E7A5000EE2819 /* NodeEntity.swift */; };
		BC5039112C3E84CD00EE2819 /* Downloadx.swift in Sources */ = {isa = PBXBuildFile; fileRef = BC5039102C3E84CD00EE2819 /* Downloadx.swift */; };
		BC5039132C3E876200EE2819 /* Config.swift in Sources */ = {isa = PBXBuildFile; fileRef = BC5039122C3E876200EE2819 /* Config.swift */; };
		BC50391B2C3F6DBC00EE2819 /* NetworkExtension.framework in Frameworks */ = {isa = PBXBuildFile; fileRef = BC5038B52C3E5F2000EE2819 /* NetworkExtension.framework */; };
		BC50391E2C3F6DBC00EE2819 /* PacketTunnelProvider.swift in Sources */ = {isa = PBXBuildFile; fileRef = BC50391D2C3F6DBC00EE2819 /* PacketTunnelProvider.swift */; };
		BC5039232C3F6DBC00EE2819 /* SmartT.appex in Embed Foundation Extensions */ = {isa = PBXBuildFile; fileRef = BC50391A2C3F6DBC00EE2819 /* SmartT.appex */; settings = {ATTRIBUTES = (RemoveHeadersOnCopy, ); }; };
		BC5039282C3F6E3500EE2819 /* TunnelKit in Frameworks */ = {isa = PBXBuildFile; productRef = BC5039272C3F6E3500EE2819 /* TunnelKit */; };
		BC50392A2C3F6E3500EE2819 /* TunnelKitOpenVPNAppExtension in Frameworks */ = {isa = PBXBuildFile; productRef = BC5039292C3F6E3500EE2819 /* TunnelKitOpenVPNAppExtension */; };
		BC50392C2C3F850600EE2819 /* VPNStatusManager.swift in Sources */ = {isa = PBXBuildFile; fileRef = BC50392B2C3F850600EE2819 /* VPNStatusManager.swift */; };
		BC50392E2C3FA71100EE2819 /* Color.swift in Sources */ = {isa = PBXBuildFile; fileRef = BC50392D2C3FA71100EE2819 /* Color.swift */; };
		BC5039312C3FA74100EE2819 /* LaunchPage.swift in Sources */ = {isa = PBXBuildFile; fileRef = BC5039302C3FA74100EE2819 /* LaunchPage.swift */; };
		BC5039342C3FAC5000EE2819 /* Lottie in Frameworks */ = {isa = PBXBuildFile; productRef = BC5039332C3FAC5000EE2819 /* Lottie */; };
		BC5039492C3FBC6200EE2819 /* xh.json in Resources */ = {isa = PBXBuildFile; fileRef = BC5039482C3FBC6200EE2819 /* xh.json */; };
		BC50394B2C3FC6BD00EE2819 /* HomePage.swift in Sources */ = {isa = PBXBuildFile; fileRef = BC50394A2C3FC6BD00EE2819 /* HomePage.swift */; };
		BC50394D2C3FC93600EE2819 /* connect.json in Resources */ = {isa = PBXBuildFile; fileRef = BC50394C2C3FC93500EE2819 /* connect.json */; };
		BC50394F2C3FCDC600EE2819 /* CarouselView.swift in Sources */ = {isa = PBXBuildFile; fileRef = BC50394E2C3FCDC600EE2819 /* CarouselView.swift */; };
		BC5039552C40FA6400EE2819 /* ChaterEntity.swift in Sources */ = {isa = PBXBuildFile; fileRef = BC5039542C40FA6400EE2819 /* ChaterEntity.swift */; };
		BC5039592C41045B00EE2819 /* ChatPage.swift in Sources */ = {isa = PBXBuildFile; fileRef = BC5039582C41045B00EE2819 /* ChatPage.swift */; };
		BC50395B2C410C9A00EE2819 /* HomePageVIew.swift in Sources */ = {isa = PBXBuildFile; fileRef = BC50395A2C410C9A00EE2819 /* HomePageVIew.swift */; };
		BC50395D2C411F3400EE2819 /* Message.swift in Sources */ = {isa = PBXBuildFile; fileRef = BC50395C2C411F3400EE2819 /* Message.swift */; };
		BC5039602C411F5600EE2819 /* ChatViewModel.swift in Sources */ = {isa = PBXBuildFile; fileRef = BC50395F2C411F5600EE2819 /* ChatViewModel.swift */; };
		BC5039622C411FF700EE2819 /* ChatBubble.swift in Sources */ = {isa = PBXBuildFile; fileRef = BC5039612C411FF700EE2819 /* ChatBubble.swift */; };
		BC5039642C41200C00EE2819 /* ChatView.swift in Sources */ = {isa = PBXBuildFile; fileRef = BC5039632C41200C00EE2819 /* ChatView.swift */; };
		BC5039662C41270300EE2819 /* Toast.swift in Sources */ = {isa = PBXBuildFile; fileRef = BC5039652C41270300EE2819 /* Toast.swift */; };
		BC5039682C4129C300EE2819 /* OverlappingImagesView.swift in Sources */ = {isa = PBXBuildFile; fileRef = BC5039672C4129C300EE2819 /* OverlappingImagesView.swift */; };
		BC50396A2C412D8500EE2819 /* ChaterListPage.swift in Sources */ = {isa = PBXBuildFile; fileRef = BC5039692C412D8500EE2819 /* ChaterListPage.swift */; };
		BC50396C2C412E9D00EE2819 /* ChaterItem.swift in Sources */ = {isa = PBXBuildFile; fileRef = BC50396B2C412E9D00EE2819 /* ChaterItem.swift */; };
		BC50396E2C41335400EE2819 /* NotificationBubbleView.swift in Sources */ = {isa = PBXBuildFile; fileRef = BC50396D2C41335400EE2819 /* NotificationBubbleView.swift */; };
		BC5039742C44FE8D00EE2819 /* LocalData.swift in Sources */ = {isa = PBXBuildFile; fileRef = BC5039732C44FE8D00EE2819 /* LocalData.swift */; };
		BC5039762C4504A300EE2819 /* SettingPage.swift in Sources */ = {isa = PBXBuildFile; fileRef = BC5039752C4504A300EE2819 /* SettingPage.swift */; };
		BC5039782C45051F00EE2819 /* SettingItem.swift in Sources */ = {isa = PBXBuildFile; fileRef = BC5039772C45051F00EE2819 /* SettingItem.swift */; };
		BC50397A2C45060500EE2819 /* SettingItemData.swift in Sources */ = {isa = PBXBuildFile; fileRef = BC5039792C45060500EE2819 /* SettingItemData.swift */; };
		BC50397E2C45264900EE2819 /* FbPage.swift in Sources */ = {isa = PBXBuildFile; fileRef = BC50397D2C45264900EE2819 /* FbPage.swift */; };
		BC5039802C4609AF00EE2819 /* NodePage.swift in Sources */ = {isa = PBXBuildFile; fileRef = BC50397F2C4609AF00EE2819 /* NodePage.swift */; };
		BC5039822C460A4E00EE2819 /* NodeItem.swift in Sources */ = {isa = PBXBuildFile; fileRef = BC5039812C460A4E00EE2819 /* NodeItem.swift */; };
		BC5039862C466B2900EE2819 /* CustomNavigationBar.swift in Sources */ = {isa = PBXBuildFile; fileRef = BC5039852C466B2900EE2819 /* CustomNavigationBar.swift */; };
		BC5039882C4771DB00EE2819 /* PrivacyPage.swift in Sources */ = {isa = PBXBuildFile; fileRef = BC5039872C4771DB00EE2819 /* PrivacyPage.swift */; };
		F77A3AADF7B284BE32F4DF1A /* Pods_SmartVPN.framework in Frameworks */ = {isa = PBXBuildFile; fileRef = 3A0F37D3B2232C20C2FDDD17 /* Pods_SmartVPN.framework */; };
/* End PBXBuildFile section */

/* Begin PBXContainerItemProxy section */
		BC5039212C3F6DBC00EE2819 /* PBXContainerItemProxy */ = {
			isa = PBXContainerItemProxy;
			containerPortal = BC5038842C3E5D2D00EE2819 /* Project object */;
			proxyType = 1;
			remoteGlobalIDString = BC5039192C3F6DBC00EE2819;
			remoteInfo = SmartT;
		};
/* End PBXContainerItemProxy section */

/* Begin PBXCopyFilesBuildPhase section */
		BC5038C22C3E5F2000EE2819 /* Embed Foundation Extensions */ = {
			isa = PBXCopyFilesBuildPhase;
			buildActionMask = 2147483647;
			dstPath = "";
			dstSubfolderSpec = 13;
			files = (
				BC5039232C3F6DBC00EE2819 /* SmartT.appex in Embed Foundation Extensions */,
			);
			name = "Embed Foundation Extensions";
			runOnlyForDeploymentPostprocessing = 0;
		};
/* End PBXCopyFilesBuildPhase section */

/* Begin PBXFileReference section */
		27C6278D6B9850DBC2F01D03 /* Pods-SmartVPN.release.xcconfig */ = {isa = PBXFileReference; includeInIndex = 1; lastKnownFileType = text.xcconfig; name = "Pods-SmartVPN.release.xcconfig"; path = "Target Support Files/Pods-SmartVPN/Pods-SmartVPN.release.xcconfig"; sourceTree = "<group>"; };
		3A0F37D3B2232C20C2FDDD17 /* Pods_SmartVPN.framework */ = {isa = PBXFileReference; explicitFileType = wrapper.framework; includeInIndex = 0; path = Pods_SmartVPN.framework; sourceTree = BUILT_PRODUCTS_DIR; };
		4FCF36D78D9A87DC6E7634E3 /* Pods-SmartT.debug.xcconfig */ = {isa = PBXFileReference; includeInIndex = 1; lastKnownFileType = text.xcconfig; name = "Pods-SmartT.debug.xcconfig"; path = "Target Support Files/Pods-SmartT/Pods-SmartT.debug.xcconfig"; sourceTree = "<group>"; };
		580B3CEF91F1385C441742C4 /* Pods_SmartT.framework */ = {isa = PBXFileReference; explicitFileType = wrapper.framework; includeInIndex = 0; path = Pods_SmartT.framework; sourceTree = BUILT_PRODUCTS_DIR; };
		B9FE9D78A92FF8FAF7CB74B2 /* Pods-SmartT.release.xcconfig */ = {isa = PBXFileReference; includeInIndex = 1; lastKnownFileType = text.xcconfig; name = "Pods-SmartT.release.xcconfig"; path = "Target Support Files/Pods-SmartT/Pods-SmartT.release.xcconfig"; sourceTree = "<group>"; };
		BC50388C2C3E5D2D00EE2819 /* SmartVPN.app */ = {isa = PBXFileReference; explicitFileType = wrapper.application; includeInIndex = 0; path = SmartVPN.app; sourceTree = BUILT_PRODUCTS_DIR; };
		BC50388F2C3E5D2E00EE2819 /* SmartVPNApp.swift */ = {isa = PBXFileReference; lastKnownFileType = sourcecode.swift; path = SmartVPNApp.swift; sourceTree = "<group>"; };
		BC5038912C3E5D2E00EE2819 /* ContentView.swift */ = {isa = PBXFileReference; lastKnownFileType = sourcecode.swift; path = ContentView.swift; sourceTree = "<group>"; };
		BC5038932C3E5D3000EE2819 /* Assets.xcassets */ = {isa = PBXFileReference; lastKnownFileType = folder.assetcatalog; path = Assets.xcassets; sourceTree = "<group>"; };
		BC5038962C3E5D3000EE2819 /* Preview Assets.xcassets */ = {isa = PBXFileReference; lastKnownFileType = folder.assetcatalog; path = "Preview Assets.xcassets"; sourceTree = "<group>"; };
		BC5038AA2C3E5DD800EE2819 /* Info.plist */ = {isa = PBXFileReference; lastKnownFileType = text.plist; path = Info.plist; sourceTree = "<group>"; };
		BC5038B52C3E5F2000EE2819 /* NetworkExtension.framework */ = {isa = PBXFileReference; lastKnownFileType = wrapper.framework; name = NetworkExtension.framework; path = System/Library/Frameworks/NetworkExtension.framework; sourceTree = SDKROOT; };
		BC5038F62C3E66B700EE2819 /* SmartVPN.entitlements */ = {isa = PBXFileReference; lastKnownFileType = text.plist.entitlements; path = SmartVPN.entitlements; sourceTree = "<group>"; };
		BC50390A2C3E760100EE2819 /* Dev.swift */ = {isa = PBXFileReference; lastKnownFileType = sourcecode.swift; path = Dev.swift; sourceTree = "<group>"; };
		BC50390E2C3E7A5000EE2819 /* NodeEntity.swift */ = {isa = PBXFileReference; lastKnownFileType = sourcecode.swift; path = NodeEntity.swift; sourceTree = "<group>"; };
		BC5039102C3E84CD00EE2819 /* Downloadx.swift */ = {isa = PBXFileReference; lastKnownFileType = sourcecode.swift; path = Downloadx.swift; sourceTree = "<group>"; };
		BC5039122C3E876200EE2819 /* Config.swift */ = {isa = PBXFileReference; lastKnownFileType = sourcecode.swift; path = Config.swift; sourceTree = "<group>"; };
		BC50391A2C3F6DBC00EE2819 /* SmartT.appex */ = {isa = PBXFileReference; explicitFileType = "wrapper.app-extension"; includeInIndex = 0; path = SmartT.appex; sourceTree = BUILT_PRODUCTS_DIR; };
		BC50391D2C3F6DBC00EE2819 /* PacketTunnelProvider.swift */ = {isa = PBXFileReference; lastKnownFileType = sourcecode.swift; path = PacketTunnelProvider.swift; sourceTree = "<group>"; };
		BC50391F2C3F6DBC00EE2819 /* Info.plist */ = {isa = PBXFileReference; lastKnownFileType = text.plist.xml; path = Info.plist; sourceTree = "<group>"; };
		BC5039202C3F6DBC00EE2819 /* SmartT.entitlements */ = {isa = PBXFileReference; lastKnownFileType = text.plist.entitlements; path = SmartT.entitlements; sourceTree = "<group>"; };
		BC50392B2C3F850600EE2819 /* VPNStatusManager.swift */ = {isa = PBXFileReference; lastKnownFileType = sourcecode.swift; path = VPNStatusManager.swift; sourceTree = "<group>"; };
		BC50392D2C3FA71100EE2819 /* Color.swift */ = {isa = PBXFileReference; lastKnownFileType = sourcecode.swift; path = Color.swift; sourceTree = "<group>"; };
		BC5039302C3FA74100EE2819 /* LaunchPage.swift */ = {isa = PBXFileReference; lastKnownFileType = sourcecode.swift; path = LaunchPage.swift; sourceTree = "<group>"; };
		BC5039482C3FBC6200EE2819 /* xh.json */ = {isa = PBXFileReference; fileEncoding = 4; lastKnownFileType = text.json; name = xh.json; path = ../../../../../../Downloads/xh.json; sourceTree = "<group>"; };
		BC50394A2C3FC6BD00EE2819 /* HomePage.swift */ = {isa = PBXFileReference; lastKnownFileType = sourcecode.swift; path = HomePage.swift; sourceTree = "<group>"; };
		BC50394C2C3FC93500EE2819 /* connect.json */ = {isa = PBXFileReference; fileEncoding = 4; lastKnownFileType = text.json; name = connect.json; path = ../../../../../../Downloads/connect.json; sourceTree = "<group>"; };
		BC50394E2C3FCDC600EE2819 /* CarouselView.swift */ = {isa = PBXFileReference; lastKnownFileType = sourcecode.swift; path = CarouselView.swift; sourceTree = "<group>"; };
		BC5039542C40FA6400EE2819 /* ChaterEntity.swift */ = {isa = PBXFileReference; lastKnownFileType = sourcecode.swift; path = ChaterEntity.swift; sourceTree = "<group>"; };
		BC5039582C41045B00EE2819 /* ChatPage.swift */ = {isa = PBXFileReference; lastKnownFileType = sourcecode.swift; path = ChatPage.swift; sourceTree = "<group>"; };
		BC50395A2C410C9A00EE2819 /* HomePageVIew.swift */ = {isa = PBXFileReference; lastKnownFileType = sourcecode.swift; path = HomePageVIew.swift; sourceTree = "<group>"; };
		BC50395C2C411F3400EE2819 /* Message.swift */ = {isa = PBXFileReference; lastKnownFileType = sourcecode.swift; path = Message.swift; sourceTree = "<group>"; };
		BC50395F2C411F5600EE2819 /* ChatViewModel.swift */ = {isa = PBXFileReference; lastKnownFileType = sourcecode.swift; path = ChatViewModel.swift; sourceTree = "<group>"; };
		BC5039612C411FF700EE2819 /* ChatBubble.swift */ = {isa = PBXFileReference; lastKnownFileType = sourcecode.swift; path = ChatBubble.swift; sourceTree = "<group>"; };
		BC5039632C41200C00EE2819 /* ChatView.swift */ = {isa = PBXFileReference; lastKnownFileType = sourcecode.swift; path = ChatView.swift; sourceTree = "<group>"; };
		BC5039652C41270300EE2819 /* Toast.swift */ = {isa = PBXFileReference; lastKnownFileType = sourcecode.swift; path = Toast.swift; sourceTree = "<group>"; };
		BC5039672C4129C300EE2819 /* OverlappingImagesView.swift */ = {isa = PBXFileReference; lastKnownFileType = sourcecode.swift; path = OverlappingImagesView.swift; sourceTree = "<group>"; };
		BC5039692C412D8500EE2819 /* ChaterListPage.swift */ = {isa = PBXFileReference; lastKnownFileType = sourcecode.swift; path = ChaterListPage.swift; sourceTree = "<group>"; };
		BC50396B2C412E9D00EE2819 /* ChaterItem.swift */ = {isa = PBXFileReference; lastKnownFileType = sourcecode.swift; path = ChaterItem.swift; sourceTree = "<group>"; };
		BC50396D2C41335400EE2819 /* NotificationBubbleView.swift */ = {isa = PBXFileReference; lastKnownFileType = sourcecode.swift; path = NotificationBubbleView.swift; sourceTree = "<group>"; };
		BC5039732C44FE8D00EE2819 /* LocalData.swift */ = {isa = PBXFileReference; lastKnownFileType = sourcecode.swift; path = LocalData.swift; sourceTree = "<group>"; };
		BC5039752C4504A300EE2819 /* SettingPage.swift */ = {isa = PBXFileReference; lastKnownFileType = sourcecode.swift; path = SettingPage.swift; sourceTree = "<group>"; };
		BC5039772C45051F00EE2819 /* SettingItem.swift */ = {isa = PBXFileReference; lastKnownFileType = sourcecode.swift; path = SettingItem.swift; sourceTree = "<group>"; };
		BC5039792C45060500EE2819 /* SettingItemData.swift */ = {isa = PBXFileReference; lastKnownFileType = sourcecode.swift; path = SettingItemData.swift; sourceTree = "<group>"; };
		BC50397D2C45264900EE2819 /* FbPage.swift */ = {isa = PBXFileReference; lastKnownFileType = sourcecode.swift; path = FbPage.swift; sourceTree = "<group>"; };
		BC50397F2C4609AF00EE2819 /* NodePage.swift */ = {isa = PBXFileReference; lastKnownFileType = sourcecode.swift; path = NodePage.swift; sourceTree = "<group>"; };
		BC5039812C460A4E00EE2819 /* NodeItem.swift */ = {isa = PBXFileReference; lastKnownFileType = sourcecode.swift; path = NodeItem.swift; sourceTree = "<group>"; };
		BC5039852C466B2900EE2819 /* CustomNavigationBar.swift */ = {isa = PBXFileReference; lastKnownFileType = sourcecode.swift; path = CustomNavigationBar.swift; sourceTree = "<group>"; };
		BC5039872C4771DB00EE2819 /* PrivacyPage.swift */ = {isa = PBXFileReference; lastKnownFileType = sourcecode.swift; path = PrivacyPage.swift; sourceTree = "<group>"; };
		F486DE2BC9A88BBD66153EAB /* Pods-SmartVPN.debug.xcconfig */ = {isa = PBXFileReference; includeInIndex = 1; lastKnownFileType = text.xcconfig; name = "Pods-SmartVPN.debug.xcconfig"; path = "Target Support Files/Pods-SmartVPN/Pods-SmartVPN.debug.xcconfig"; sourceTree = "<group>"; };
/* End PBXFileReference section */

/* Begin PBXFrameworksBuildPhase section */
		BC5038892C3E5D2D00EE2819 /* Frameworks */ = {
			isa = PBXFrameworksBuildPhase;
			buildActionMask = 2147483647;
			files = (
				F77A3AADF7B284BE32F4DF1A /* Pods_SmartVPN.framework in Frameworks */,
				BC5039022C3E6ED700EE2819 /* TunnelKitOpenVPN in Frameworks */,
				BC5039002C3E6ED700EE2819 /* TunnelKit in Frameworks */,
				BC5039342C3FAC5000EE2819 /* Lottie in Frameworks */,
			);
			runOnlyForDeploymentPostprocessing = 0;
		};
		BC5039172C3F6DBC00EE2819 /* Frameworks */ = {
			isa = PBXFrameworksBuildPhase;
			buildActionMask = 2147483647;
			files = (
				BC50391B2C3F6DBC00EE2819 /* NetworkExtension.framework in Frameworks */,
				BC5039282C3F6E3500EE2819 /* TunnelKit in Frameworks */,
				BC50392A2C3F6E3500EE2819 /* TunnelKitOpenVPNAppExtension in Frameworks */,
				648E4B28E7119A08AFF03A1B /* Pods_SmartT.framework in Frameworks */,
			);
			runOnlyForDeploymentPostprocessing = 0;
		};
/* End PBXFrameworksBuildPhase section */

/* Begin PBXGroup section */
		1130ECD98BD1E42E3E07CF91 /* Pods */ = {
			isa = PBXGroup;
			children = (
				F486DE2BC9A88BBD66153EAB /* Pods-SmartVPN.debug.xcconfig */,
				27C6278D6B9850DBC2F01D03 /* Pods-SmartVPN.release.xcconfig */,
				4FCF36D78D9A87DC6E7634E3 /* Pods-SmartT.debug.xcconfig */,
				B9FE9D78A92FF8FAF7CB74B2 /* Pods-SmartT.release.xcconfig */,
			);
			path = Pods;
			sourceTree = "<group>";
		};
		852F2C006FF81A11CDD23015 /* Frameworks */ = {
			isa = PBXGroup;
			children = (
				3A0F37D3B2232C20C2FDDD17 /* Pods_SmartVPN.framework */,
				BC5038B52C3E5F2000EE2819 /* NetworkExtension.framework */,
				580B3CEF91F1385C441742C4 /* Pods_SmartT.framework */,
			);
			name = Frameworks;
			sourceTree = "<group>";
		};
		BC5038832C3E5D2D00EE2819 = {
			isa = PBXGroup;
			children = (
				BC50388E2C3E5D2E00EE2819 /* SmartVPN */,
				BC50391C2C3F6DBC00EE2819 /* SmartT */,
				BC50388D2C3E5D2D00EE2819 /* Products */,
				1130ECD98BD1E42E3E07CF91 /* Pods */,
				852F2C006FF81A11CDD23015 /* Frameworks */,
			);
			sourceTree = "<group>";
		};
		BC50388D2C3E5D2D00EE2819 /* Products */ = {
			isa = PBXGroup;
			children = (
				BC50388C2C3E5D2D00EE2819 /* SmartVPN.app */,
				BC50391A2C3F6DBC00EE2819 /* SmartT.appex */,
			);
			name = Products;
			sourceTree = "<group>";
		};
		BC50388E2C3E5D2E00EE2819 /* SmartVPN */ = {
			isa = PBXGroup;
			children = (
				BC50395E2C411F4700EE2819 /* viewmodel */,
				BC5039352C3FACCE00EE2819 /* anim */,
				BC50392F2C3FA73200EE2819 /* ui */,
				BC50390D2C3E79F200EE2819 /* data */,
				BC50390C2C3E766000EE2819 /* config */,
				BC5039092C3E75F000EE2819 /* dev */,
				BC5038F62C3E66B700EE2819 /* SmartVPN.entitlements */,
				BC5038AA2C3E5DD800EE2819 /* Info.plist */,
				BC50388F2C3E5D2E00EE2819 /* SmartVPNApp.swift */,
				BC5038912C3E5D2E00EE2819 /* ContentView.swift */,
				BC5038932C3E5D3000EE2819 /* Assets.xcassets */,
				BC5038952C3E5D3000EE2819 /* Preview Content */,
			);
			path = SmartVPN;
			sourceTree = "<group>";
		};
		BC5038952C3E5D3000EE2819 /* Preview Content */ = {
			isa = PBXGroup;
			children = (
				BC5038962C3E5D3000EE2819 /* Preview Assets.xcassets */,
			);
			path = "Preview Content";
			sourceTree = "<group>";
		};
		BC5039092C3E75F000EE2819 /* dev */ = {
			isa = PBXGroup;
			children = (
				BC50390A2C3E760100EE2819 /* Dev.swift */,
				BC5039102C3E84CD00EE2819 /* Downloadx.swift */,
				BC5039122C3E876200EE2819 /* Config.swift */,
				BC50392B2C3F850600EE2819 /* VPNStatusManager.swift */,
				BC50392D2C3FA71100EE2819 /* Color.swift */,
				BC5039732C44FE8D00EE2819 /* LocalData.swift */,
			);
			path = dev;
			sourceTree = "<group>";
		};
		BC50390C2C3E766000EE2819 /* config */ = {
			isa = PBXGroup;
			children = (
			);
			path = config;
			sourceTree = "<group>";
		};
		BC50390D2C3E79F200EE2819 /* data */ = {
			isa = PBXGroup;
			children = (
				BC50390E2C3E7A5000EE2819 /* NodeEntity.swift */,
				BC5039542C40FA6400EE2819 /* ChaterEntity.swift */,
				BC50395C2C411F3400EE2819 /* Message.swift */,
				BC5039792C45060500EE2819 /* SettingItemData.swift */,
			);
			path = data;
			sourceTree = "<group>";
		};
		BC50391C2C3F6DBC00EE2819 /* SmartT */ = {
			isa = PBXGroup;
			children = (
				BC50391D2C3F6DBC00EE2819 /* PacketTunnelProvider.swift */,
				BC50391F2C3F6DBC00EE2819 /* Info.plist */,
				BC5039202C3F6DBC00EE2819 /* SmartT.entitlements */,
			);
			path = SmartT;
			sourceTree = "<group>";
		};
		BC50392F2C3FA73200EE2819 /* ui */ = {
			isa = PBXGroup;
			children = (
				BC5039302C3FA74100EE2819 /* LaunchPage.swift */,
				BC50394A2C3FC6BD00EE2819 /* HomePage.swift */,
				BC50394E2C3FCDC600EE2819 /* CarouselView.swift */,
				BC5039582C41045B00EE2819 /* ChatPage.swift */,
				BC50395A2C410C9A00EE2819 /* HomePageVIew.swift */,
				BC5039612C411FF700EE2819 /* ChatBubble.swift */,
				BC5039632C41200C00EE2819 /* ChatView.swift */,
				BC5039652C41270300EE2819 /* Toast.swift */,
				BC5039672C4129C300EE2819 /* OverlappingImagesView.swift */,
				BC5039692C412D8500EE2819 /* ChaterListPage.swift */,
				BC50396B2C412E9D00EE2819 /* ChaterItem.swift */,
				BC50396D2C41335400EE2819 /* NotificationBubbleView.swift */,
				BC5039752C4504A300EE2819 /* SettingPage.swift */,
				BC5039772C45051F00EE2819 /* SettingItem.swift */,
				BC50397D2C45264900EE2819 /* FbPage.swift */,
				BC50397F2C4609AF00EE2819 /* NodePage.swift */,
				BC5039812C460A4E00EE2819 /* NodeItem.swift */,
				BC5039852C466B2900EE2819 /* CustomNavigationBar.swift */,
				BC5039872C4771DB00EE2819 /* PrivacyPage.swift */,
			);
			path = ui;
			sourceTree = "<group>";
		};
		BC5039352C3FACCE00EE2819 /* anim */ = {
			isa = PBXGroup;
			children = (
				BC50394C2C3FC93500EE2819 /* connect.json */,
				BC5039482C3FBC6200EE2819 /* xh.json */,
			);
			path = anim;
			sourceTree = "<group>";
		};
		BC50395E2C411F4700EE2819 /* viewmodel */ = {
			isa = PBXGroup;
			children = (
				BC50395F2C411F5600EE2819 /* ChatViewModel.swift */,
			);
			path = viewmodel;
			sourceTree = "<group>";
		};
/* End PBXGroup section */

/* Begin PBXNativeTarget section */
		BC50388B2C3E5D2D00EE2819 /* SmartVPN */ = {
			isa = PBXNativeTarget;
			buildConfigurationList = BC50389A2C3E5D3000EE2819 /* Build configuration list for PBXNativeTarget "SmartVPN" */;
			buildPhases = (
				3D73BDE5EE3CE02BF7ACCA31 /* [CP] Check Pods Manifest.lock */,
				BC5038882C3E5D2D00EE2819 /* Sources */,
				BC5038892C3E5D2D00EE2819 /* Frameworks */,
				BC50388A2C3E5D2D00EE2819 /* Resources */,
				BC5038C22C3E5F2000EE2819 /* Embed Foundation Extensions */,
			);
			buildRules = (
			);
			dependencies = (
				BC5039222C3F6DBC00EE2819 /* PBXTargetDependency */,
			);
			name = SmartVPN;
			packageProductDependencies = (
				BC5038FF2C3E6ED700EE2819 /* TunnelKit */,
				BC5039012C3E6ED700EE2819 /* TunnelKitOpenVPN */,
				BC5039332C3FAC5000EE2819 /* Lottie */,
			);
			productName = SmartVPN;
			productReference = BC50388C2C3E5D2D00EE2819 /* SmartVPN.app */;
			productType = "com.apple.product-type.application";
		};
		BC5039192C3F6DBC00EE2819 /* SmartT */ = {
			isa = PBXNativeTarget;
			buildConfigurationList = BC5039242C3F6DBC00EE2819 /* Build configuration list for PBXNativeTarget "SmartT" */;
			buildPhases = (
				B977A7096EC7507D1445F292 /* [CP] Check Pods Manifest.lock */,
				BC5039162C3F6DBC00EE2819 /* Sources */,
				BC5039172C3F6DBC00EE2819 /* Frameworks */,
				BC5039182C3F6DBC00EE2819 /* Resources */,
			);
			buildRules = (
			);
			dependencies = (
			);
			name = SmartT;
			packageProductDependencies = (
				BC5039272C3F6E3500EE2819 /* TunnelKit */,
				BC5039292C3F6E3500EE2819 /* TunnelKitOpenVPNAppExtension */,
			);
			productName = SmartT;
			productReference = BC50391A2C3F6DBC00EE2819 /* SmartT.appex */;
			productType = "com.apple.product-type.app-extension";
		};
/* End PBXNativeTarget section */

/* Begin PBXProject section */
		BC5038842C3E5D2D00EE2819 /* Project object */ = {
			isa = PBXProject;
			attributes = {
				BuildIndependentTargetsInParallel = 1;
				LastSwiftUpdateCheck = 1540;
				LastUpgradeCheck = 1540;
				TargetAttributes = {
					BC50388B2C3E5D2D00EE2819 = {
						CreatedOnToolsVersion = 15.4;
					};
					BC5039192C3F6DBC00EE2819 = {
						CreatedOnToolsVersion = 15.4;
					};
				};
			};
			buildConfigurationList = BC5038872C3E5D2D00EE2819 /* Build configuration list for PBXProject "SmartVPN" */;
			compatibilityVersion = "Xcode 14.0";
			developmentRegion = en;
			hasScannedForEncodings = 0;
			knownRegions = (
				en,
				Base,
			);
			mainGroup = BC5038832C3E5D2D00EE2819;
			packageReferences = (
				BC5038AB2C3E5E4700EE2819 /* XCLocalSwiftPackageReference "../../tunnelkit" */,
				BC5039032C3E70DE00EE2819 /* XCRemoteSwiftPackageReference "ZZCustomControl" */,
				BC5039062C3E714C00EE2819 /* XCRemoteSwiftPackageReference "ZZBase" */,
				BC5039322C3FAC5000EE2819 /* XCRemoteSwiftPackageReference "lottie-ios" */,
			);
			productRefGroup = BC50388D2C3E5D2D00EE2819 /* Products */;
			projectDirPath = "";
			projectRoot = "";
			targets = (
				BC50388B2C3E5D2D00EE2819 /* SmartVPN */,
				BC5039192C3F6DBC00EE2819 /* SmartT */,
			);
		};
/* End PBXProject section */

/* Begin PBXResourcesBuildPhase section */
		BC50388A2C3E5D2D00EE2819 /* Resources */ = {
			isa = PBXResourcesBuildPhase;
			buildActionMask = 2147483647;
			files = (
				BC5039492C3FBC6200EE2819 /* xh.json in Resources */,
				BC5038972C3E5D3000EE2819 /* Preview Assets.xcassets in Resources */,
				BC50394D2C3FC93600EE2819 /* connect.json in Resources */,
				BC5038942C3E5D3000EE2819 /* Assets.xcassets in Resources */,
			);
			runOnlyForDeploymentPostprocessing = 0;
		};
		BC5039182C3F6DBC00EE2819 /* Resources */ = {
			isa = PBXResourcesBuildPhase;
			buildActionMask = 2147483647;
			files = (
			);
			runOnlyForDeploymentPostprocessing = 0;
		};
/* End PBXResourcesBuildPhase section */

/* Begin PBXShellScriptBuildPhase section */
		3D73BDE5EE3CE02BF7ACCA31 /* [CP] Check Pods Manifest.lock */ = {
			isa = PBXShellScriptBuildPhase;
			buildActionMask = 2147483647;
			files = (
			);
			inputFileListPaths = (
			);
			inputPaths = (
				"${PODS_PODFILE_DIR_PATH}/Podfile.lock",
				"${PODS_ROOT}/Manifest.lock",
			);
			name = "[CP] Check Pods Manifest.lock";
			outputFileListPaths = (
			);
			outputPaths = (
				"$(DERIVED_FILE_DIR)/Pods-SmartVPN-checkManifestLockResult.txt",
			);
			runOnlyForDeploymentPostprocessing = 0;
			shellPath = /bin/sh;
			shellScript = "diff \"${PODS_PODFILE_DIR_PATH}/Podfile.lock\" \"${PODS_ROOT}/Manifest.lock\" > /dev/null\nif [ $? != 0 ] ; then\n    # print error to STDERR\n    echo \"error: The sandbox is not in sync with the Podfile.lock. Run 'pod install' or update your CocoaPods installation.\" >&2\n    exit 1\nfi\n# This output is used by Xcode 'outputs' to avoid re-running this script phase.\necho \"SUCCESS\" > \"${SCRIPT_OUTPUT_FILE_0}\"\n";
			showEnvVarsInLog = 0;
		};
		B977A7096EC7507D1445F292 /* [CP] Check Pods Manifest.lock */ = {
			isa = PBXShellScriptBuildPhase;
			buildActionMask = 2147483647;
			files = (
			);
			inputFileListPaths = (
			);
			inputPaths = (
				"${PODS_PODFILE_DIR_PATH}/Podfile.lock",
				"${PODS_ROOT}/Manifest.lock",
			);
			name = "[CP] Check Pods Manifest.lock";
			outputFileListPaths = (
			);
			outputPaths = (
				"$(DERIVED_FILE_DIR)/Pods-SmartT-checkManifestLockResult.txt",
			);
			runOnlyForDeploymentPostprocessing = 0;
			shellPath = /bin/sh;
			shellScript = "diff \"${PODS_PODFILE_DIR_PATH}/Podfile.lock\" \"${PODS_ROOT}/Manifest.lock\" > /dev/null\nif [ $? != 0 ] ; then\n    # print error to STDERR\n    echo \"error: The sandbox is not in sync with the Podfile.lock. Run 'pod install' or update your CocoaPods installation.\" >&2\n    exit 1\nfi\n# This output is used by Xcode 'outputs' to avoid re-running this script phase.\necho \"SUCCESS\" > \"${SCRIPT_OUTPUT_FILE_0}\"\n";
			showEnvVarsInLog = 0;
		};
/* End PBXShellScriptBuildPhase section */

/* Begin PBXSourcesBuildPhase section */
		BC5038882C3E5D2D00EE2819 /* Sources */ = {
			isa = PBXSourcesBuildPhase;
			buildActionMask = 2147483647;
			files = (
				BC5038922C3E5D2E00EE2819 /* ContentView.swift in Sources */,
				BC5039552C40FA6400EE2819 /* ChaterEntity.swift in Sources */,
				BC5039622C411FF700EE2819 /* ChatBubble.swift in Sources */,
				BC5039662C41270300EE2819 /* Toast.swift in Sources */,
				BC50397E2C45264900EE2819 /* FbPage.swift in Sources */,
				BC5039862C466B2900EE2819 /* CustomNavigationBar.swift in Sources */,
				BC5038902C3E5D2E00EE2819 /* SmartVPNApp.swift in Sources */,
				BC5039882C4771DB00EE2819 /* PrivacyPage.swift in Sources */,
				BC5039782C45051F00EE2819 /* SettingItem.swift in Sources */,
				BC5039642C41200C00EE2819 /* ChatView.swift in Sources */,
				BC50396E2C41335400EE2819 /* NotificationBubbleView.swift in Sources */,
				BC50396A2C412D8500EE2819 /* ChaterListPage.swift in Sources */,
				BC50394F2C3FCDC600EE2819 /* CarouselView.swift in Sources */,
				BC5039802C4609AF00EE2819 /* NodePage.swift in Sources */,
				BC5039822C460A4E00EE2819 /* NodeItem.swift in Sources */,
				BC50390F2C3E7A5100EE2819 /* NodeEntity.swift in Sources */,
				BC5039312C3FA74100EE2819 /* LaunchPage.swift in Sources */,
				BC50390B2C3E760100EE2819 /* Dev.swift in Sources */,
				BC50394B2C3FC6BD00EE2819 /* HomePage.swift in Sources */,
				BC50392C2C3F850600EE2819 /* VPNStatusManager.swift in Sources */,
				BC50396C2C412E9D00EE2819 /* ChaterItem.swift in Sources */,
				BC5039742C44FE8D00EE2819 /* LocalData.swift in Sources */,
				BC50397A2C45060500EE2819 /* SettingItemData.swift in Sources */,
				BC50392E2C3FA71100EE2819 /* Color.swift in Sources */,
				BC5039602C411F5600EE2819 /* ChatViewModel.swift in Sources */,
				BC5039682C4129C300EE2819 /* OverlappingImagesView.swift in Sources */,
				BC50395B2C410C9A00EE2819 /* HomePageVIew.swift in Sources */,
				BC5039592C41045B00EE2819 /* ChatPage.swift in Sources */,
				BC5039762C4504A300EE2819 /* SettingPage.swift in Sources */,
				BC50395D2C411F3400EE2819 /* Message.swift in Sources */,
				BC5039112C3E84CD00EE2819 /* Downloadx.swift in Sources */,
				BC5039132C3E876200EE2819 /* Config.swift in Sources */,
			);
			runOnlyForDeploymentPostprocessing = 0;
		};
		BC5039162C3F6DBC00EE2819 /* Sources */ = {
			isa = PBXSourcesBuildPhase;
			buildActionMask = 2147483647;
			files = (
				BC50391E2C3F6DBC00EE2819 /* PacketTunnelProvider.swift in Sources */,
			);
			runOnlyForDeploymentPostprocessing = 0;
		};
/* End PBXSourcesBuildPhase section */

/* Begin PBXTargetDependency section */
		BC5039222C3F6DBC00EE2819 /* PBXTargetDependency */ = {
			isa = PBXTargetDependency;
			target = BC5039192C3F6DBC00EE2819 /* SmartT */;
			targetProxy = BC5039212C3F6DBC00EE2819 /* PBXContainerItemProxy */;
		};
/* End PBXTargetDependency section */

/* Begin XCBuildConfiguration section */
		BC5038982C3E5D3000EE2819 /* Debug */ = {
			isa = XCBuildConfiguration;
			buildSettings = {
				ALWAYS_SEARCH_USER_PATHS = NO;
				ASSETCATALOG_COMPILER_GENERATE_SWIFT_ASSET_SYMBOL_EXTENSIONS = YES;
				CLANG_ANALYZER_NONNULL = YES;
				CLANG_ANALYZER_NUMBER_OBJECT_CONVERSION = YES_AGGRESSIVE;
				CLANG_CXX_LANGUAGE_STANDARD = "gnu++20";
				CLANG_ENABLE_MODULES = YES;
				CLANG_ENABLE_OBJC_ARC = YES;
				CLANG_ENABLE_OBJC_WEAK = YES;
				CLANG_WARN_BLOCK_CAPTURE_AUTORELEASING = YES;
				CLANG_WARN_BOOL_CONVERSION = YES;
				CLANG_WARN_COMMA = YES;
				CLANG_WARN_CONSTANT_CONVERSION = YES;
				CLANG_WARN_DEPRECATED_OBJC_IMPLEMENTATIONS = YES;
				CLANG_WARN_DIRECT_OBJC_ISA_USAGE = YES_ERROR;
				CLANG_WARN_DOCUMENTATION_COMMENTS = YES;
				CLANG_WARN_EMPTY_BODY = YES;
				CLANG_WARN_ENUM_CONVERSION = YES;
				CLANG_WARN_INFINITE_RECURSION = YES;
				CLANG_WARN_INT_CONVERSION = YES;
				CLANG_WARN_NON_LITERAL_NULL_CONVERSION = YES;
				CLANG_WARN_OBJC_IMPLICIT_RETAIN_SELF = YES;
				CLANG_WARN_OBJC_LITERAL_CONVERSION = YES;
				CLANG_WARN_OBJC_ROOT_CLASS = YES_ERROR;
				CLANG_WARN_QUOTED_INCLUDE_IN_FRAMEWORK_HEADER = YES;
				CLANG_WARN_RANGE_LOOP_ANALYSIS = YES;
				CLANG_WARN_STRICT_PROTOTYPES = YES;
				CLANG_WARN_SUSPICIOUS_MOVE = YES;
				CLANG_WARN_UNGUARDED_AVAILABILITY = YES_AGGRESSIVE;
				CLANG_WARN_UNREACHABLE_CODE = YES;
				CLANG_WARN__DUPLICATE_METHOD_MATCH = YES;
				COPY_PHASE_STRIP = NO;
				DEBUG_INFORMATION_FORMAT = dwarf;
				ENABLE_STRICT_OBJC_MSGSEND = YES;
				ENABLE_TESTABILITY = YES;
				ENABLE_USER_SCRIPT_SANDBOXING = YES;
				GCC_C_LANGUAGE_STANDARD = gnu17;
				GCC_DYNAMIC_NO_PIC = NO;
				GCC_NO_COMMON_BLOCKS = YES;
				GCC_OPTIMIZATION_LEVEL = 0;
				GCC_PREPROCESSOR_DEFINITIONS = (
					"DEBUG=1",
					"$(inherited)",
				);
				GCC_WARN_64_TO_32_BIT_CONVERSION = YES;
				GCC_WARN_ABOUT_RETURN_TYPE = YES_ERROR;
				GCC_WARN_UNDECLARED_SELECTOR = YES;
				GCC_WARN_UNINITIALIZED_AUTOS = YES_AGGRESSIVE;
				GCC_WARN_UNUSED_FUNCTION = YES;
				GCC_WARN_UNUSED_VARIABLE = YES;
				IPHONEOS_DEPLOYMENT_TARGET = 17.5;
				LOCALIZATION_PREFERS_STRING_CATALOGS = YES;
				MTL_ENABLE_DEBUG_INFO = INCLUDE_SOURCE;
				MTL_FAST_MATH = YES;
				ONLY_ACTIVE_ARCH = YES;
				SDKROOT = iphoneos;
				SWIFT_ACTIVE_COMPILATION_CONDITIONS = "DEBUG $(inherited)";
				SWIFT_OPTIMIZATION_LEVEL = "-Onone";
			};
			name = Debug;
		};
		BC5038992C3E5D3000EE2819 /* Release */ = {
			isa = XCBuildConfiguration;
			buildSettings = {
				ALWAYS_SEARCH_USER_PATHS = NO;
				ASSETCATALOG_COMPILER_GENERATE_SWIFT_ASSET_SYMBOL_EXTENSIONS = YES;
				CLANG_ANALYZER_NONNULL = YES;
				CLANG_ANALYZER_NUMBER_OBJECT_CONVERSION = YES_AGGRESSIVE;
				CLANG_CXX_LANGUAGE_STANDARD = "gnu++20";
				CLANG_ENABLE_MODULES = YES;
				CLANG_ENABLE_OBJC_ARC = YES;
				CLANG_ENABLE_OBJC_WEAK = YES;
				CLANG_WARN_BLOCK_CAPTURE_AUTORELEASING = YES;
				CLANG_WARN_BOOL_CONVERSION = YES;
				CLANG_WARN_COMMA = YES;
				CLANG_WARN_CONSTANT_CONVERSION = YES;
				CLANG_WARN_DEPRECATED_OBJC_IMPLEMENTATIONS = YES;
				CLANG_WARN_DIRECT_OBJC_ISA_USAGE = YES_ERROR;
				CLANG_WARN_DOCUMENTATION_COMMENTS = YES;
				CLANG_WARN_EMPTY_BODY = YES;
				CLANG_WARN_ENUM_CONVERSION = YES;
				CLANG_WARN_INFINITE_RECURSION = YES;
				CLANG_WARN_INT_CONVERSION = YES;
				CLANG_WARN_NON_LITERAL_NULL_CONVERSION = YES;
				CLANG_WARN_OBJC_IMPLICIT_RETAIN_SELF = YES;
				CLANG_WARN_OBJC_LITERAL_CONVERSION = YES;
				CLANG_WARN_OBJC_ROOT_CLASS = YES_ERROR;
				CLANG_WARN_QUOTED_INCLUDE_IN_FRAMEWORK_HEADER = YES;
				CLANG_WARN_RANGE_LOOP_ANALYSIS = YES;
				CLANG_WARN_STRICT_PROTOTYPES = YES;
				CLANG_WARN_SUSPICIOUS_MOVE = YES;
				CLANG_WARN_UNGUARDED_AVAILABILITY = YES_AGGRESSIVE;
				CLANG_WARN_UNREACHABLE_CODE = YES;
				CLANG_WARN__DUPLICATE_METHOD_MATCH = YES;
				COPY_PHASE_STRIP = NO;
				DEBUG_INFORMATION_FORMAT = "dwarf-with-dsym";
				ENABLE_NS_ASSERTIONS = NO;
				ENABLE_STRICT_OBJC_MSGSEND = YES;
				ENABLE_USER_SCRIPT_SANDBOXING = YES;
				GCC_C_LANGUAGE_STANDARD = gnu17;
				GCC_NO_COMMON_BLOCKS = YES;
				GCC_WARN_64_TO_32_BIT_CONVERSION = YES;
				GCC_WARN_ABOUT_RETURN_TYPE = YES_ERROR;
				GCC_WARN_UNDECLARED_SELECTOR = YES;
				GCC_WARN_UNINITIALIZED_AUTOS = YES_AGGRESSIVE;
				GCC_WARN_UNUSED_FUNCTION = YES;
				GCC_WARN_UNUSED_VARIABLE = YES;
				IPHONEOS_DEPLOYMENT_TARGET = 17.5;
				LOCALIZATION_PREFERS_STRING_CATALOGS = YES;
				MTL_ENABLE_DEBUG_INFO = NO;
				MTL_FAST_MATH = YES;
				SDKROOT = iphoneos;
				SWIFT_COMPILATION_MODE = wholemodule;
				VALIDATE_PRODUCT = YES;
			};
			name = Release;
		};
		BC50389B2C3E5D3000EE2819 /* Debug */ = {
			isa = XCBuildConfiguration;
			baseConfigurationReference = F486DE2BC9A88BBD66153EAB /* Pods-SmartVPN.debug.xcconfig */;
			buildSettings = {
				ALWAYS_EMBED_SWIFT_STANDARD_LIBRARIES = YES;
				ASSETCATALOG_COMPILER_APPICON_NAME = AppIcon;
				ASSETCATALOG_COMPILER_GLOBAL_ACCENT_COLOR_NAME = AccentColor;
				CODE_SIGN_ENTITLEMENTS = SmartVPN/SmartVPN.entitlements;
				CODE_SIGN_IDENTITY = "Apple Development";
				CODE_SIGN_STYLE = Automatic;
				CURRENT_PROJECT_VERSION = 1;
				DEVELOPMENT_ASSET_PATHS = "\"SmartVPN/Preview Content\"";
				DEVELOPMENT_TEAM = ZRKM42D778;
				ENABLE_PREVIEWS = YES;
				GENERATE_INFOPLIST_FILE = YES;
				INFOPLIST_FILE = SmartVPN/Info.plist;
				INFOPLIST_KEY_UIApplicationSceneManifest_Generation = YES;
				INFOPLIST_KEY_UIApplicationSupportsIndirectInputEvents = YES;
				INFOPLIST_KEY_UILaunchScreen_Generation = YES;
				INFOPLIST_KEY_UISupportedInterfaceOrientations = UIInterfaceOrientationPortrait;
				INFOPLIST_KEY_UISupportedInterfaceOrientations_iPad = "UIInterfaceOrientationLandscapeLeft UIInterfaceOrientationLandscapeRight UIInterfaceOrientationPortrait UIInterfaceOrientationPortraitUpsideDown";
				IPHONEOS_DEPLOYMENT_TARGET = 15.5;
				LD_RUNPATH_SEARCH_PATHS = (
					"$(inherited)",
					"@executable_path/Frameworks",
				);
				MARKETING_VERSION = 1.0;
				PRODUCT_BUNDLE_IDENTIFIER = com.apps.smartx.SmartVPN;
				PRODUCT_NAME = "$(TARGET_NAME)";
				PROVISIONING_PROFILE_SPECIFIER = "";
				SUPPORTED_PLATFORMS = "iphoneos iphonesimulator";
				SUPPORTS_MACCATALYST = NO;
				SUPPORTS_MAC_DESIGNED_FOR_IPHONE_IPAD = NO;
				SUPPORTS_XR_DESIGNED_FOR_IPHONE_IPAD = NO;
				SWIFT_EMIT_LOC_STRINGS = YES;
				SWIFT_VERSION = 5.0;
				TARGETED_DEVICE_FAMILY = 1;
			};
			name = Debug;
		};
		BC50389C2C3E5D3000EE2819 /* Release */ = {
			isa = XCBuildConfiguration;
			baseConfigurationReference = 27C6278D6B9850DBC2F01D03 /* Pods-SmartVPN.release.xcconfig */;
			buildSettings = {
				ALWAYS_EMBED_SWIFT_STANDARD_LIBRARIES = YES;
				ASSETCATALOG_COMPILER_APPICON_NAME = AppIcon;
				ASSETCATALOG_COMPILER_GLOBAL_ACCENT_COLOR_NAME = AccentColor;
				CODE_SIGN_ENTITLEMENTS = SmartVPN/SmartVPN.entitlements;
				CODE_SIGN_IDENTITY = "Apple Development";
				CODE_SIGN_STYLE = Automatic;
				CURRENT_PROJECT_VERSION = 1;
				DEVELOPMENT_ASSET_PATHS = "\"SmartVPN/Preview Content\"";
				DEVELOPMENT_TEAM = ZRKM42D778;
				ENABLE_PREVIEWS = YES;
				GENERATE_INFOPLIST_FILE = YES;
				INFOPLIST_FILE = SmartVPN/Info.plist;
				INFOPLIST_KEY_UIApplicationSceneManifest_Generation = YES;
				INFOPLIST_KEY_UIApplicationSupportsIndirectInputEvents = YES;
				INFOPLIST_KEY_UILaunchScreen_Generation = YES;
				INFOPLIST_KEY_UISupportedInterfaceOrientations = UIInterfaceOrientationPortrait;
				INFOPLIST_KEY_UISupportedInterfaceOrientations_iPad = "UIInterfaceOrientationLandscapeLeft UIInterfaceOrientationLandscapeRight UIInterfaceOrientationPortrait UIInterfaceOrientationPortraitUpsideDown";
				IPHONEOS_DEPLOYMENT_TARGET = 15.5;
				LD_RUNPATH_SEARCH_PATHS = (
					"$(inherited)",
					"@executable_path/Frameworks",
				);
				MARKETING_VERSION = 1.0;
				PRODUCT_BUNDLE_IDENTIFIER = com.apps.smartx.SmartVPN;
				PRODUCT_NAME = "$(TARGET_NAME)";
				PROVISIONING_PROFILE_SPECIFIER = "";
				SUPPORTED_PLATFORMS = "iphoneos iphonesimulator";
				SUPPORTS_MACCATALYST = NO;
				SUPPORTS_MAC_DESIGNED_FOR_IPHONE_IPAD = NO;
				SUPPORTS_XR_DESIGNED_FOR_IPHONE_IPAD = NO;
				SWIFT_EMIT_LOC_STRINGS = YES;
				SWIFT_VERSION = 5.0;
				TARGETED_DEVICE_FAMILY = 1;
			};
			name = Release;
		};
		BC5039252C3F6DBC00EE2819 /* Debug */ = {
			isa = XCBuildConfiguration;
			baseConfigurationReference = 4FCF36D78D9A87DC6E7634E3 /* Pods-SmartT.debug.xcconfig */;
			buildSettings = {
				CODE_SIGN_ENTITLEMENTS = SmartT/SmartT.entitlements;
				CODE_SIGN_IDENTITY = "Apple Development";
				CODE_SIGN_STYLE = Automatic;
				CURRENT_PROJECT_VERSION = 1;
				DEVELOPMENT_TEAM = ZRKM42D778;
				GENERATE_INFOPLIST_FILE = YES;
				INFOPLIST_FILE = SmartT/Info.plist;
				INFOPLIST_KEY_CFBundleDisplayName = SmartT;
				INFOPLIST_KEY_NSHumanReadableCopyright = "";
				IPHONEOS_DEPLOYMENT_TARGET = 15.5;
				LD_RUNPATH_SEARCH_PATHS = (
					"$(inherited)",
					"@executable_path/Frameworks",
					"@executable_path/../../Frameworks",
				);
				MARKETING_VERSION = 1.0;
				PRODUCT_BUNDLE_IDENTIFIER = com.apps.smartx.SmartVPN.SmartT;
				PRODUCT_NAME = "$(TARGET_NAME)";
				SKIP_INSTALL = YES;
				SUPPORTED_PLATFORMS = "iphoneos iphonesimulator";
				SUPPORTS_MACCATALYST = NO;
				SUPPORTS_MAC_DESIGNED_FOR_IPHONE_IPAD = NO;
				SUPPORTS_XR_DESIGNED_FOR_IPHONE_IPAD = NO;
				SWIFT_EMIT_LOC_STRINGS = YES;
				SWIFT_VERSION = 5.0;
				TARGETED_DEVICE_FAMILY = 1;
			};
			name = Debug;
		};
		BC5039262C3F6DBC00EE2819 /* Release */ = {
			isa = XCBuildConfiguration;
			baseConfigurationReference = B9FE9D78A92FF8FAF7CB74B2 /* Pods-SmartT.release.xcconfig */;
			buildSettings = {
				CODE_SIGN_ENTITLEMENTS = SmartT/SmartT.entitlements;
				CODE_SIGN_IDENTITY = "Apple Development";
				CODE_SIGN_STYLE = Automatic;
				CURRENT_PROJECT_VERSION = 1;
				DEVELOPMENT_TEAM = ZRKM42D778;
				GENERATE_INFOPLIST_FILE = YES;
				INFOPLIST_FILE = SmartT/Info.plist;
				INFOPLIST_KEY_CFBundleDisplayName = SmartT;
				INFOPLIST_KEY_NSHumanReadableCopyright = "";
				IPHONEOS_DEPLOYMENT_TARGET = 15.5;
				LD_RUNPATH_SEARCH_PATHS = (
					"$(inherited)",
					"@executable_path/Frameworks",
					"@executable_path/../../Frameworks",
				);
				MARKETING_VERSION = 1.0;
				PRODUCT_BUNDLE_IDENTIFIER = com.apps.smartx.SmartVPN.SmartT;
				PRODUCT_NAME = "$(TARGET_NAME)";
				SKIP_INSTALL = YES;
				SUPPORTED_PLATFORMS = "iphoneos iphonesimulator";
				SUPPORTS_MACCATALYST = NO;
				SUPPORTS_MAC_DESIGNED_FOR_IPHONE_IPAD = NO;
				SUPPORTS_XR_DESIGNED_FOR_IPHONE_IPAD = NO;
				SWIFT_EMIT_LOC_STRINGS = YES;
				SWIFT_VERSION = 5.0;
				TARGETED_DEVICE_FAMILY = 1;
			};
			name = Release;
		};
/* End XCBuildConfiguration section */

/* Begin XCConfigurationList section */
		BC5038872C3E5D2D00EE2819 /* Build configuration list for PBXProject "SmartVPN" */ = {
			isa = XCConfigurationList;
			buildConfigurations = (
				BC5038982C3E5D3000EE2819 /* Debug */,
				BC5038992C3E5D3000EE2819 /* Release */,
			);
			defaultConfigurationIsVisible = 0;
			defaultConfigurationName = Release;
		};
		BC50389A2C3E5D3000EE2819 /* Build configuration list for PBXNativeTarget "SmartVPN" */ = {
			isa = XCConfigurationList;
			buildConfigurations = (
				BC50389B2C3E5D3000EE2819 /* Debug */,
				BC50389C2C3E5D3000EE2819 /* Release */,
			);
			defaultConfigurationIsVisible = 0;
			defaultConfigurationName = Release;
		};
		BC5039242C3F6DBC00EE2819 /* Build configuration list for PBXNativeTarget "SmartT" */ = {
			isa = XCConfigurationList;
			buildConfigurations = (
				BC5039252C3F6DBC00EE2819 /* Debug */,
				BC5039262C3F6DBC00EE2819 /* Release */,
			);
			defaultConfigurationIsVisible = 0;
			defaultConfigurationName = Release;
		};
/* End XCConfigurationList section */

/* Begin XCLocalSwiftPackageReference section */
		BC5038AB2C3E5E4700EE2819 /* XCLocalSwiftPackageReference "../../tunnelkit" */ = {
			isa = XCLocalSwiftPackageReference;
			relativePath = ../../tunnelkit;
		};
/* End XCLocalSwiftPackageReference section */

/* Begin XCRemoteSwiftPackageReference section */
		BC5039032C3E70DE00EE2819 /* XCRemoteSwiftPackageReference "ZZCustomControl" */ = {
			isa = XCRemoteSwiftPackageReference;
			repositoryURL = "https://github.com/CZ410/ZZCustomControl.git";
			requirement = {
				kind = upToNextMajorVersion;
				minimumVersion = 0.2.0;
			};
		};
		BC5039062C3E714C00EE2819 /* XCRemoteSwiftPackageReference "ZZBase" */ = {
			isa = XCRemoteSwiftPackageReference;
			repositoryURL = "https://github.com/CZ410/ZZBase.git";
			requirement = {
				kind = upToNextMajorVersion;
				minimumVersion = 0.3.0;
			};
		};
		BC5039322C3FAC5000EE2819 /* XCRemoteSwiftPackageReference "lottie-ios" */ = {
			isa = XCRemoteSwiftPackageReference;
			repositoryURL = "https://github.com/airbnb/lottie-ios.git";
			requirement = {
				kind = upToNextMajorVersion;
				minimumVersion = 4.5.0;
			};
		};
/* End XCRemoteSwiftPackageReference section */

/* Begin XCSwiftPackageProductDependency section */
		BC5038FF2C3E6ED700EE2819 /* TunnelKit */ = {
			isa = XCSwiftPackageProductDependency;
			productName = TunnelKit;
		};
		BC5039012C3E6ED700EE2819 /* TunnelKitOpenVPN */ = {
			isa = XCSwiftPackageProductDependency;
			productName = TunnelKitOpenVPN;
		};
		BC5039272C3F6E3500EE2819 /* TunnelKit */ = {
			isa = XCSwiftPackageProductDependency;
			package = BC5038AB2C3E5E4700EE2819 /* XCLocalSwiftPackageReference "../../tunnelkit" */;
			productName = TunnelKit;
		};
		BC5039292C3F6E3500EE2819 /* TunnelKitOpenVPNAppExtension */ = {
			isa = XCSwiftPackageProductDependency;
			package = BC5038AB2C3E5E4700EE2819 /* XCLocalSwiftPackageReference "../../tunnelkit" */;
			productName = TunnelKitOpenVPNAppExtension;
		};
		BC5039332C3FAC5000EE2819 /* Lottie */ = {
			isa = XCSwiftPackageProductDependency;
			package = BC5039322C3FAC5000EE2819 /* XCRemoteSwiftPackageReference "lottie-ios" */;
			productName = Lottie;
		};
/* End XCSwiftPackageProductDependency section */
	};
	rootObject = BC5038842C3E5D2D00EE2819 /* Project object */;
}
